// !$*UTF8*$!
{
	archiveVersion = 1;
	classes = {
	};
	objectVersion = 56;
	objects = {

/* Begin PBXBuildFile section */
		6132F8D52AFBD439004A85FC /* MiscFunctions.swift in Sources */ = {isa = PBXBuildFile; fileRef = 6132F8D42AFBD439004A85FC /* MiscFunctions.swift */; };
		61346E1D2AE51CE900E1941B /* UserMarketplaceClick.swift in Sources */ = {isa = PBXBuildFile; fileRef = 61346E1C2AE51CE900E1941B /* UserMarketplaceClick.swift */; };
		61346E1F2AE66E0F00E1941B /* UserMarketplaceBottomSheet.swift in Sources */ = {isa = PBXBuildFile; fileRef = 61346E1E2AE66E0F00E1941B /* UserMarketplaceBottomSheet.swift */; };
		6136EC0A2AF4F34E00A09DDA /* CreateDB.swift in Sources */ = {isa = PBXBuildFile; fileRef = 6136EC092AF4F34E00A09DDA /* CreateDB.swift */; };
		6136EC0C2AF4F35500A09DDA /* UpdateDB.swift in Sources */ = {isa = PBXBuildFile; fileRef = 6136EC0B2AF4F35500A09DDA /* UpdateDB.swift */; };
		6136EC0E2AF4F35C00A09DDA /* ReadDB.swift in Sources */ = {isa = PBXBuildFile; fileRef = 6136EC0D2AF4F35C00A09DDA /* ReadDB.swift */; };
		6136EC102AF4F36500A09DDA /* DeleteDB.swift in Sources */ = {isa = PBXBuildFile; fileRef = 6136EC0F2AF4F36500A09DDA /* DeleteDB.swift */; };
		6136EC122AF5375500A09DDA /* UserOnboarding.swift in Sources */ = {isa = PBXBuildFile; fileRef = 6136EC112AF5375500A09DDA /* UserOnboarding.swift */; };
		6136EC152AF551DC00A09DDA /* Stripe in Frameworks */ = {isa = PBXBuildFile; productRef = 6136EC142AF551DC00A09DDA /* Stripe */; };
		6136EC172AF551DC00A09DDA /* StripeApplePay in Frameworks */ = {isa = PBXBuildFile; productRef = 6136EC162AF551DC00A09DDA /* StripeApplePay */; };
		6136EC192AF551DC00A09DDA /* StripeCardScan in Frameworks */ = {isa = PBXBuildFile; productRef = 6136EC182AF551DC00A09DDA /* StripeCardScan */; };
		6136EC1B2AF551DC00A09DDA /* StripeFinancialConnections in Frameworks */ = {isa = PBXBuildFile; productRef = 6136EC1A2AF551DC00A09DDA /* StripeFinancialConnections */; };
		6136EC1D2AF551DC00A09DDA /* StripeIdentity in Frameworks */ = {isa = PBXBuildFile; productRef = 6136EC1C2AF551DC00A09DDA /* StripeIdentity */; };
		6136EC202AF55C8200A09DDA /* DropdownMenuOption.swift in Sources */ = {isa = PBXBuildFile; fileRef = 6136EC1F2AF55C8200A09DDA /* DropdownMenuOption.swift */; };
		6136EC242AF55E0F00A09DDA /* DropdownMenu.swift in Sources */ = {isa = PBXBuildFile; fileRef = 6136EC232AF55E0F00A09DDA /* DropdownMenu.swift */; };
		6136EC262AF5614500A09DDA /* DropdownMenuList.swift in Sources */ = {isa = PBXBuildFile; fileRef = 6136EC252AF5614500A09DDA /* DropdownMenuList.swift */; };
		6136EC282AF5649300A09DDA /* DropdownMenuListRow.swift in Sources */ = {isa = PBXBuildFile; fileRef = 6136EC272AF5649300A09DDA /* DropdownMenuListRow.swift */; };
		613877A62AE26B77000C959A /* UserOpportunityClick.swift in Sources */ = {isa = PBXBuildFile; fileRef = 613877A52AE26B77000C959A /* UserOpportunityClick.swift */; };
		614C0C002AF171AE00D406A3 /* Profile.swift in Sources */ = {isa = PBXBuildFile; fileRef = 614C0BFF2AF171AE00D406A3 /* Profile.swift */; };
		614C0C032AF172F500D406A3 /* Auth0 in Frameworks */ = {isa = PBXBuildFile; productRef = 614C0C022AF172F500D406A3 /* Auth0 */; };
		614C0C052AF1740C00D406A3 /* Auth0.plist in Resources */ = {isa = PBXBuildFile; fileRef = 614C0C042AF1740C00D406A3 /* Auth0.plist */; };
		614C0C072AF17CCA00D406A3 /* loading_3.0.json in Resources */ = {isa = PBXBuildFile; fileRef = 614C0C062AF17CCA00D406A3 /* loading_3.0.json */; };
		614C0C0A2AF24FC300D406A3 /* URLImage in Frameworks */ = {isa = PBXBuildFile; productRef = 614C0C092AF24FC300D406A3 /* URLImage */; };
		614C0C0C2AF24FC300D406A3 /* URLImageStore in Frameworks */ = {isa = PBXBuildFile; productRef = 614C0C0B2AF24FC300D406A3 /* URLImageStore */; };
		614F63C62B63DD9C000E6022 /* FirebaseAnalytics in Frameworks */ = {isa = PBXBuildFile; productRef = 614F63C52B63DD9C000E6022 /* FirebaseAnalytics */; };
		614F63C82B63DD9C000E6022 /* FirebaseAnalyticsOnDeviceConversion in Frameworks */ = {isa = PBXBuildFile; productRef = 614F63C72B63DD9C000E6022 /* FirebaseAnalyticsOnDeviceConversion */; };
		614F63CA2B63DD9C000E6022 /* FirebaseAnalyticsSwift in Frameworks */ = {isa = PBXBuildFile; productRef = 614F63C92B63DD9C000E6022 /* FirebaseAnalyticsSwift */; };
		614F63CC2B63DD9C000E6022 /* FirebaseAnalyticsWithoutAdIdSupport in Frameworks */ = {isa = PBXBuildFile; productRef = 614F63CB2B63DD9C000E6022 /* FirebaseAnalyticsWithoutAdIdSupport */; };
		614F63CE2B63DD9C000E6022 /* FirebaseAppCheck in Frameworks */ = {isa = PBXBuildFile; productRef = 614F63CD2B63DD9C000E6022 /* FirebaseAppCheck */; };
		614F63D22B63FAFF000E6022 /* FirebaseAnalytics in Frameworks */ = {isa = PBXBuildFile; productRef = 614F63D12B63FAFF000E6022 /* FirebaseAnalytics */; };
		614F63D42B63FAFF000E6022 /* FirebaseAnalyticsOnDeviceConversion in Frameworks */ = {isa = PBXBuildFile; productRef = 614F63D32B63FAFF000E6022 /* FirebaseAnalyticsOnDeviceConversion */; };
		614F63D62B63FAFF000E6022 /* FirebaseAnalyticsSwift in Frameworks */ = {isa = PBXBuildFile; productRef = 614F63D52B63FAFF000E6022 /* FirebaseAnalyticsSwift */; };
		614F63D82B63FAFF000E6022 /* FirebaseAnalyticsWithoutAdIdSupport in Frameworks */ = {isa = PBXBuildFile; productRef = 614F63D72B63FAFF000E6022 /* FirebaseAnalyticsWithoutAdIdSupport */; };
		614F63DA2B63FAFF000E6022 /* FirebaseAppCheck in Frameworks */ = {isa = PBXBuildFile; productRef = 614F63D92B63FAFF000E6022 /* FirebaseAppCheck */; };
		614F63DC2B63FAFF000E6022 /* FirebaseAppDistribution-Beta in Frameworks */ = {isa = PBXBuildFile; productRef = 614F63DB2B63FAFF000E6022 /* FirebaseAppDistribution-Beta */; };
		614F63DE2B63FAFF000E6022 /* FirebaseAuth in Frameworks */ = {isa = PBXBuildFile; productRef = 614F63DD2B63FAFF000E6022 /* FirebaseAuth */; };
		614F63E02B63FAFF000E6022 /* FirebaseAuthCombine-Community in Frameworks */ = {isa = PBXBuildFile; productRef = 614F63DF2B63FAFF000E6022 /* FirebaseAuthCombine-Community */; };
		614F63E22B63FAFF000E6022 /* FirebaseCrashlytics in Frameworks */ = {isa = PBXBuildFile; productRef = 614F63E12B63FAFF000E6022 /* FirebaseCrashlytics */; };
		614F63E42B63FAFF000E6022 /* FirebaseDatabase in Frameworks */ = {isa = PBXBuildFile; productRef = 614F63E32B63FAFF000E6022 /* FirebaseDatabase */; };
		614F63E62B63FAFF000E6022 /* FirebaseDatabaseSwift in Frameworks */ = {isa = PBXBuildFile; productRef = 614F63E52B63FAFF000E6022 /* FirebaseDatabaseSwift */; };
		614F63E82B63FAFF000E6022 /* FirebaseDynamicLinks in Frameworks */ = {isa = PBXBuildFile; productRef = 614F63E72B63FAFF000E6022 /* FirebaseDynamicLinks */; };
		614F63EA2B63FAFF000E6022 /* FirebaseFirestore in Frameworks */ = {isa = PBXBuildFile; productRef = 614F63E92B63FAFF000E6022 /* FirebaseFirestore */; };
		614F63EC2B63FAFF000E6022 /* FirebaseFirestoreCombine-Community in Frameworks */ = {isa = PBXBuildFile; productRef = 614F63EB2B63FAFF000E6022 /* FirebaseFirestoreCombine-Community */; };
		614F63EE2B63FAFF000E6022 /* FirebaseFirestoreSwift in Frameworks */ = {isa = PBXBuildFile; productRef = 614F63ED2B63FAFF000E6022 /* FirebaseFirestoreSwift */; };
		614F63F02B63FAFF000E6022 /* FirebaseFunctions in Frameworks */ = {isa = PBXBuildFile; productRef = 614F63EF2B63FAFF000E6022 /* FirebaseFunctions */; };
		614F63F22B63FAFF000E6022 /* FirebaseFunctionsCombine-Community in Frameworks */ = {isa = PBXBuildFile; productRef = 614F63F12B63FAFF000E6022 /* FirebaseFunctionsCombine-Community */; };
		614F63F42B63FAFF000E6022 /* FirebaseInAppMessaging-Beta in Frameworks */ = {isa = PBXBuildFile; productRef = 614F63F32B63FAFF000E6022 /* FirebaseInAppMessaging-Beta */; };
		614F63F62B63FAFF000E6022 /* FirebaseInAppMessagingSwift-Beta in Frameworks */ = {isa = PBXBuildFile; productRef = 614F63F52B63FAFF000E6022 /* FirebaseInAppMessagingSwift-Beta */; };
		614F63F82B63FAFF000E6022 /* FirebaseInstallations in Frameworks */ = {isa = PBXBuildFile; productRef = 614F63F72B63FAFF000E6022 /* FirebaseInstallations */; };
		614F63FA2B63FAFF000E6022 /* FirebaseMLModelDownloader in Frameworks */ = {isa = PBXBuildFile; productRef = 614F63F92B63FAFF000E6022 /* FirebaseMLModelDownloader */; };
		614F63FC2B63FAFF000E6022 /* FirebaseMessaging in Frameworks */ = {isa = PBXBuildFile; productRef = 614F63FB2B63FAFF000E6022 /* FirebaseMessaging */; };
		614F63FE2B63FAFF000E6022 /* FirebasePerformance in Frameworks */ = {isa = PBXBuildFile; productRef = 614F63FD2B63FAFF000E6022 /* FirebasePerformance */; };
		614F64002B63FAFF000E6022 /* FirebaseRemoteConfig in Frameworks */ = {isa = PBXBuildFile; productRef = 614F63FF2B63FAFF000E6022 /* FirebaseRemoteConfig */; };
		614F64022B63FAFF000E6022 /* FirebaseRemoteConfigSwift in Frameworks */ = {isa = PBXBuildFile; productRef = 614F64012B63FAFF000E6022 /* FirebaseRemoteConfigSwift */; };
		614F64042B63FAFF000E6022 /* FirebaseStorage in Frameworks */ = {isa = PBXBuildFile; productRef = 614F64032B63FAFF000E6022 /* FirebaseStorage */; };
		614F64062B63FAFF000E6022 /* FirebaseStorageCombine-Community in Frameworks */ = {isa = PBXBuildFile; productRef = 614F64052B63FAFF000E6022 /* FirebaseStorageCombine-Community */; };
		615243CE2AE06E4900A18880 /* BottomNavBar.swift in Sources */ = {isa = PBXBuildFile; fileRef = 615243CD2AE06E4900A18880 /* BottomNavBar.swift */; };
		615243D02AE128F500A18880 /* UserPortfolio.swift in Sources */ = {isa = PBXBuildFile; fileRef = 615243CF2AE128F500A18880 /* UserPortfolio.swift */; };
		615243D22AE1290400A18880 /* UserMarketplace.swift in Sources */ = {isa = PBXBuildFile; fileRef = 615243D12AE1290400A18880 /* UserMarketplace.swift */; };
		615243D42AE1290B00A18880 /* UserAccount.swift in Sources */ = {isa = PBXBuildFile; fileRef = 615243D32AE1290B00A18880 /* UserAccount.swift */; };
		6179DC322AEE31B100A83F9A /* AdminOpportunityClick.swift in Sources */ = {isa = PBXBuildFile; fileRef = 6179DC312AEE31B100A83F9A /* AdminOpportunityClick.swift */; };
		6179DC342AEE31ED00A83F9A /* AdminPayoutClick.swift in Sources */ = {isa = PBXBuildFile; fileRef = 6179DC332AEE31ED00A83F9A /* AdminPayoutClick.swift */; };
		6179DC362AEE31FB00A83F9A /* AdminTradingClick.swift in Sources */ = {isa = PBXBuildFile; fileRef = 6179DC352AEE31FB00A83F9A /* AdminTradingClick.swift */; };
		6179DC382AEE412300A83F9A /* AdminAccount.swift in Sources */ = {isa = PBXBuildFile; fileRef = 6179DC372AEE412300A83F9A /* AdminAccount.swift */; };
		617E98822AECD4980085C4EE /* UserListShares.swift in Sources */ = {isa = PBXBuildFile; fileRef = 617E98812AECD4980085C4EE /* UserListShares.swift */; };
		617E98842AECE53B0085C4EE /* UserInvestPage.swift in Sources */ = {isa = PBXBuildFile; fileRef = 617E98832AECE53B0085C4EE /* UserInvestPage.swift */; };
		6180FADB2AED1D9400A99D6D /* confetti.json in Resources */ = {isa = PBXBuildFile; fileRef = 6180FADA2AED1D9400A99D6D /* confetti.json */; };
		6180FADD2AED214200A99D6D /* transaction.json in Resources */ = {isa = PBXBuildFile; fileRef = 6180FADC2AED214200A99D6D /* transaction.json */; };
		6180FAE12AED2D6F00A99D6D /* AdminHome.swift in Sources */ = {isa = PBXBuildFile; fileRef = 6180FAE02AED2D6F00A99D6D /* AdminHome.swift */; };
		6180FAE32AED4BA400A99D6D /* AdminOpportunityForm.swift in Sources */ = {isa = PBXBuildFile; fileRef = 6180FAE22AED4BA400A99D6D /* AdminOpportunityForm.swift */; };
		6180FAE52AED506900A99D6D /* AdminPayoutForm.swift in Sources */ = {isa = PBXBuildFile; fileRef = 6180FAE42AED506900A99D6D /* AdminPayoutForm.swift */; };
		6180FAE72AED550900A99D6D /* AdminTradingForm.swift in Sources */ = {isa = PBXBuildFile; fileRef = 6180FAE62AED550900A99D6D /* AdminTradingForm.swift */; };
		6193721E2B6A55D5000966A9 /* AppConfig.swift in Sources */ = {isa = PBXBuildFile; fileRef = 6193721D2B6A55D5000966A9 /* AppConfig.swift */; };
		619372202B6A62C7000966A9 /* GoogleService-Info.plist in Resources */ = {isa = PBXBuildFile; fileRef = 6193721F2B6A62C7000966A9 /* GoogleService-Info.plist */; };
		619372222B6BC704000966A9 /* UserTransactionHistory.swift in Sources */ = {isa = PBXBuildFile; fileRef = 619372212B6BC704000966A9 /* UserTransactionHistory.swift */; };
		61956B292AF969510038378E /* AdminFranchiseForm.swift in Sources */ = {isa = PBXBuildFile; fileRef = 61956B282AF969510038378E /* AdminFranchiseForm.swift */; };
		61956B2B2AFA3E4A0038378E /* ImagePicker.swift in Sources */ = {isa = PBXBuildFile; fileRef = 61956B2A2AFA3E4A0038378E /* ImagePicker.swift */; };
		619F4C0F2AE00F7100D7A861 /* UserHome.swift in Sources */ = {isa = PBXBuildFile; fileRef = 619F4C0E2AE00F7100D7A861 /* UserHome.swift */; };
		619F89E72B6F85E00034E440 /* SlidingTabView in Frameworks */ = {isa = PBXBuildFile; productRef = 619F89E62B6F85E00034E440 /* SlidingTabView */; };
		61DBDFC42ADEF83F00AE41FA /* PARCApp.swift in Sources */ = {isa = PBXBuildFile; fileRef = 61DBDFC32ADEF83F00AE41FA /* PARCApp.swift */; };
		61DBDFC62ADEF83F00AE41FA /* LandingPage.swift in Sources */ = {isa = PBXBuildFile; fileRef = 61DBDFC52ADEF83F00AE41FA /* LandingPage.swift */; };
		61DBDFC82ADEF84000AE41FA /* Assets.xcassets in Resources */ = {isa = PBXBuildFile; fileRef = 61DBDFC72ADEF84000AE41FA /* Assets.xcassets */; };
		61DBDFCB2ADEF84000AE41FA /* Preview Assets.xcassets in Resources */ = {isa = PBXBuildFile; fileRef = 61DBDFCA2ADEF84000AE41FA /* Preview Assets.xcassets */; };
		61DBDFE02ADF0A0D00AE41FA /* LottieView.swift in Sources */ = {isa = PBXBuildFile; fileRef = 61DBDFDF2ADF0A0D00AE41FA /* LottieView.swift */; };
		61DBDFE32ADF0A3E00AE41FA /* Lottie in Frameworks */ = {isa = PBXBuildFile; productRef = 61DBDFE22ADF0A3E00AE41FA /* Lottie */; };
		61DBDFE52ADFDC8D00AE41FA /* shop.json in Resources */ = {isa = PBXBuildFile; fileRef = 61DBDFE42ADFDC8D00AE41FA /* shop.json */; };
		61DBDFE82ADFDE5800AE41FA /* Nunito-VariableFont_wght.ttf in Resources */ = {isa = PBXBuildFile; fileRef = 61DBDFE72ADFDE5800AE41FA /* Nunito-VariableFont_wght.ttf */; };
		61DBDFEB2ADFE29C00AE41FA /* LaunchScreen.storyboard in Resources */ = {isa = PBXBuildFile; fileRef = 61DBDFEA2ADFE29C00AE41FA /* LaunchScreen.storyboard */; };
		61DBDFF02ADFF78700AE41FA /* LoginView.swift in Sources */ = {isa = PBXBuildFile; fileRef = 61DBDFEF2ADFF78700AE41FA /* LoginView.swift */; };
		61E855042B851E5000B74677 /* UnitTests.swift in Sources */ = {isa = PBXBuildFile; fileRef = 61E855032B851E5000B74677 /* UnitTests.swift */; };
/* End PBXBuildFile section */

/* Begin PBXContainerItemProxy section */
		61E855052B851E5000B74677 /* PBXContainerItemProxy */ = {
			isa = PBXContainerItemProxy;
			containerPortal = 61DBDFB82ADEF83E00AE41FA /* Project object */;
			proxyType = 1;
			remoteGlobalIDString = 61DBDFBF2ADEF83E00AE41FA;
			remoteInfo = PARC;
		};
/* End PBXContainerItemProxy section */

/* Begin PBXFileReference section */
		6132F8D42AFBD439004A85FC /* MiscFunctions.swift */ = {isa = PBXFileReference; lastKnownFileType = sourcecode.swift; path = MiscFunctions.swift; sourceTree = "<group>"; };
		61346E1C2AE51CE900E1941B /* UserMarketplaceClick.swift */ = {isa = PBXFileReference; lastKnownFileType = sourcecode.swift; path = UserMarketplaceClick.swift; sourceTree = "<group>"; };
		61346E1E2AE66E0F00E1941B /* UserMarketplaceBottomSheet.swift */ = {isa = PBXFileReference; lastKnownFileType = sourcecode.swift; path = UserMarketplaceBottomSheet.swift; sourceTree = "<group>"; };
		6136EC092AF4F34E00A09DDA /* CreateDB.swift */ = {isa = PBXFileReference; lastKnownFileType = sourcecode.swift; path = CreateDB.swift; sourceTree = "<group>"; };
		6136EC0B2AF4F35500A09DDA /* UpdateDB.swift */ = {isa = PBXFileReference; lastKnownFileType = sourcecode.swift; path = UpdateDB.swift; sourceTree = "<group>"; };
		6136EC0D2AF4F35C00A09DDA /* ReadDB.swift */ = {isa = PBXFileReference; lastKnownFileType = sourcecode.swift; path = ReadDB.swift; sourceTree = "<group>"; };
		6136EC0F2AF4F36500A09DDA /* DeleteDB.swift */ = {isa = PBXFileReference; lastKnownFileType = sourcecode.swift; path = DeleteDB.swift; sourceTree = "<group>"; };
		6136EC112AF5375500A09DDA /* UserOnboarding.swift */ = {isa = PBXFileReference; lastKnownFileType = sourcecode.swift; path = UserOnboarding.swift; sourceTree = "<group>"; };
		6136EC1F2AF55C8200A09DDA /* DropdownMenuOption.swift */ = {isa = PBXFileReference; lastKnownFileType = sourcecode.swift; path = DropdownMenuOption.swift; sourceTree = "<group>"; };
		6136EC232AF55E0F00A09DDA /* DropdownMenu.swift */ = {isa = PBXFileReference; lastKnownFileType = sourcecode.swift; path = DropdownMenu.swift; sourceTree = "<group>"; };
		6136EC252AF5614500A09DDA /* DropdownMenuList.swift */ = {isa = PBXFileReference; lastKnownFileType = sourcecode.swift; path = DropdownMenuList.swift; sourceTree = "<group>"; };
		6136EC272AF5649300A09DDA /* DropdownMenuListRow.swift */ = {isa = PBXFileReference; lastKnownFileType = sourcecode.swift; path = DropdownMenuListRow.swift; sourceTree = "<group>"; };
		613877A52AE26B77000C959A /* UserOpportunityClick.swift */ = {isa = PBXFileReference; lastKnownFileType = sourcecode.swift; path = UserOpportunityClick.swift; sourceTree = "<group>"; };
		614C0BFF2AF171AE00D406A3 /* Profile.swift */ = {isa = PBXFileReference; lastKnownFileType = sourcecode.swift; path = Profile.swift; sourceTree = "<group>"; };
		614C0C042AF1740C00D406A3 /* Auth0.plist */ = {isa = PBXFileReference; lastKnownFileType = text.plist.xml; path = Auth0.plist; sourceTree = "<group>"; };
		614C0C062AF17CCA00D406A3 /* loading_3.0.json */ = {isa = PBXFileReference; fileEncoding = 4; lastKnownFileType = text.json; name = loading_3.0.json; path = "../../../../../IOS Dev/Mishki/Kitt/View/Lottie Files/loading_3.0.json"; sourceTree = "<group>"; };
		615243CD2AE06E4900A18880 /* BottomNavBar.swift */ = {isa = PBXFileReference; lastKnownFileType = sourcecode.swift; path = BottomNavBar.swift; sourceTree = "<group>"; };
		615243CF2AE128F500A18880 /* UserPortfolio.swift */ = {isa = PBXFileReference; lastKnownFileType = sourcecode.swift; path = UserPortfolio.swift; sourceTree = "<group>"; };
		615243D12AE1290400A18880 /* UserMarketplace.swift */ = {isa = PBXFileReference; lastKnownFileType = sourcecode.swift; path = UserMarketplace.swift; sourceTree = "<group>"; };
		615243D32AE1290B00A18880 /* UserAccount.swift */ = {isa = PBXFileReference; lastKnownFileType = sourcecode.swift; path = UserAccount.swift; sourceTree = "<group>"; };
		6179DC312AEE31B100A83F9A /* AdminOpportunityClick.swift */ = {isa = PBXFileReference; lastKnownFileType = sourcecode.swift; path = AdminOpportunityClick.swift; sourceTree = "<group>"; };
		6179DC332AEE31ED00A83F9A /* AdminPayoutClick.swift */ = {isa = PBXFileReference; lastKnownFileType = sourcecode.swift; path = AdminPayoutClick.swift; sourceTree = "<group>"; };
		6179DC352AEE31FB00A83F9A /* AdminTradingClick.swift */ = {isa = PBXFileReference; lastKnownFileType = sourcecode.swift; path = AdminTradingClick.swift; sourceTree = "<group>"; };
		6179DC372AEE412300A83F9A /* AdminAccount.swift */ = {isa = PBXFileReference; lastKnownFileType = sourcecode.swift; path = AdminAccount.swift; sourceTree = "<group>"; };
		617E98812AECD4980085C4EE /* UserListShares.swift */ = {isa = PBXFileReference; lastKnownFileType = sourcecode.swift; path = UserListShares.swift; sourceTree = "<group>"; };
		617E98832AECE53B0085C4EE /* UserInvestPage.swift */ = {isa = PBXFileReference; lastKnownFileType = sourcecode.swift; path = UserInvestPage.swift; sourceTree = "<group>"; };
		6180FADA2AED1D9400A99D6D /* confetti.json */ = {isa = PBXFileReference; fileEncoding = 4; lastKnownFileType = text.json; name = confetti.json; path = "../../../../../IOS Dev/Mishki/Kitt/View/Lottie Files/confetti.json"; sourceTree = "<group>"; };
		6180FADC2AED214200A99D6D /* transaction.json */ = {isa = PBXFileReference; fileEncoding = 4; lastKnownFileType = text.json; path = transaction.json; sourceTree = "<group>"; };
		6180FAE02AED2D6F00A99D6D /* AdminHome.swift */ = {isa = PBXFileReference; lastKnownFileType = sourcecode.swift; path = AdminHome.swift; sourceTree = "<group>"; };
		6180FAE22AED4BA400A99D6D /* AdminOpportunityForm.swift */ = {isa = PBXFileReference; lastKnownFileType = sourcecode.swift; path = AdminOpportunityForm.swift; sourceTree = "<group>"; };
		6180FAE42AED506900A99D6D /* AdminPayoutForm.swift */ = {isa = PBXFileReference; lastKnownFileType = sourcecode.swift; path = AdminPayoutForm.swift; sourceTree = "<group>"; };
		6180FAE62AED550900A99D6D /* AdminTradingForm.swift */ = {isa = PBXFileReference; lastKnownFileType = sourcecode.swift; path = AdminTradingForm.swift; sourceTree = "<group>"; };
		6193721D2B6A55D5000966A9 /* AppConfig.swift */ = {isa = PBXFileReference; lastKnownFileType = sourcecode.swift; path = AppConfig.swift; sourceTree = "<group>"; };
		6193721F2B6A62C7000966A9 /* GoogleService-Info.plist */ = {isa = PBXFileReference; fileEncoding = 4; lastKnownFileType = text.plist.xml; path = "GoogleService-Info.plist"; sourceTree = "<group>"; };
		619372212B6BC704000966A9 /* UserTransactionHistory.swift */ = {isa = PBXFileReference; lastKnownFileType = sourcecode.swift; path = UserTransactionHistory.swift; sourceTree = "<group>"; };
		61956B282AF969510038378E /* AdminFranchiseForm.swift */ = {isa = PBXFileReference; lastKnownFileType = sourcecode.swift; path = AdminFranchiseForm.swift; sourceTree = "<group>"; };
		61956B2A2AFA3E4A0038378E /* ImagePicker.swift */ = {isa = PBXFileReference; lastKnownFileType = sourcecode.swift; path = ImagePicker.swift; sourceTree = "<group>"; };
		619F4C0E2AE00F7100D7A861 /* UserHome.swift */ = {isa = PBXFileReference; lastKnownFileType = sourcecode.swift; path = UserHome.swift; sourceTree = "<group>"; };
		61DBDFC02ADEF83F00AE41FA /* PARC.app */ = {isa = PBXFileReference; explicitFileType = wrapper.application; includeInIndex = 0; path = PARC.app; sourceTree = BUILT_PRODUCTS_DIR; };
		61DBDFC32ADEF83F00AE41FA /* PARCApp.swift */ = {isa = PBXFileReference; lastKnownFileType = sourcecode.swift; path = PARCApp.swift; sourceTree = "<group>"; };
		61DBDFC52ADEF83F00AE41FA /* LandingPage.swift */ = {isa = PBXFileReference; lastKnownFileType = sourcecode.swift; path = LandingPage.swift; sourceTree = "<group>"; };
		61DBDFC72ADEF84000AE41FA /* Assets.xcassets */ = {isa = PBXFileReference; lastKnownFileType = folder.assetcatalog; path = Assets.xcassets; sourceTree = "<group>"; };
		61DBDFCA2ADEF84000AE41FA /* Preview Assets.xcassets */ = {isa = PBXFileReference; lastKnownFileType = folder.assetcatalog; path = "Preview Assets.xcassets"; sourceTree = "<group>"; };
		61DBDFD82ADEFED400AE41FA /* Info.plist */ = {isa = PBXFileReference; lastKnownFileType = text.plist; path = Info.plist; sourceTree = "<group>"; };
		61DBDFDF2ADF0A0D00AE41FA /* LottieView.swift */ = {isa = PBXFileReference; lastKnownFileType = sourcecode.swift; path = LottieView.swift; sourceTree = "<group>"; };
		61DBDFE42ADFDC8D00AE41FA /* shop.json */ = {isa = PBXFileReference; fileEncoding = 4; lastKnownFileType = text.json; path = shop.json; sourceTree = "<group>"; };
		61DBDFE72ADFDE5800AE41FA /* Nunito-VariableFont_wght.ttf */ = {isa = PBXFileReference; lastKnownFileType = file; path = "Nunito-VariableFont_wght.ttf"; sourceTree = "<group>"; };
		61DBDFEA2ADFE29C00AE41FA /* LaunchScreen.storyboard */ = {isa = PBXFileReference; lastKnownFileType = file.storyboard; path = LaunchScreen.storyboard; sourceTree = "<group>"; };
		61DBDFEF2ADFF78700AE41FA /* LoginView.swift */ = {isa = PBXFileReference; lastKnownFileType = sourcecode.swift; path = LoginView.swift; sourceTree = "<group>"; };
		61E855012B851E5000B74677 /* UnitTests.xctest */ = {isa = PBXFileReference; explicitFileType = wrapper.cfbundle; includeInIndex = 0; path = UnitTests.xctest; sourceTree = BUILT_PRODUCTS_DIR; };
		61E855032B851E5000B74677 /* UnitTests.swift */ = {isa = PBXFileReference; lastKnownFileType = sourcecode.swift; path = UnitTests.swift; sourceTree = "<group>"; };
/* End PBXFileReference section */

/* Begin PBXFrameworksBuildPhase section */
		61DBDFBD2ADEF83E00AE41FA /* Frameworks */ = {
			isa = PBXFrameworksBuildPhase;
			buildActionMask = 2147483647;
			files = (
				614F63FC2B63FAFF000E6022 /* FirebaseMessaging in Frameworks */,
				614F63DA2B63FAFF000E6022 /* FirebaseAppCheck in Frameworks */,
				614F63CC2B63DD9C000E6022 /* FirebaseAnalyticsWithoutAdIdSupport in Frameworks */,
				614F63CA2B63DD9C000E6022 /* FirebaseAnalyticsSwift in Frameworks */,
				614F63FE2B63FAFF000E6022 /* FirebasePerformance in Frameworks */,
				6136EC1D2AF551DC00A09DDA /* StripeIdentity in Frameworks */,
				614F63D62B63FAFF000E6022 /* FirebaseAnalyticsSwift in Frameworks */,
				6136EC192AF551DC00A09DDA /* StripeCardScan in Frameworks */,
				614F63E42B63FAFF000E6022 /* FirebaseDatabase in Frameworks */,
				614F63F22B63FAFF000E6022 /* FirebaseFunctionsCombine-Community in Frameworks */,
				614F63CE2B63DD9C000E6022 /* FirebaseAppCheck in Frameworks */,
				614F63DC2B63FAFF000E6022 /* FirebaseAppDistribution-Beta in Frameworks */,
				614F64022B63FAFF000E6022 /* FirebaseRemoteConfigSwift in Frameworks */,
				614F64042B63FAFF000E6022 /* FirebaseStorage in Frameworks */,
				614F63C82B63DD9C000E6022 /* FirebaseAnalyticsOnDeviceConversion in Frameworks */,
				614F63D82B63FAFF000E6022 /* FirebaseAnalyticsWithoutAdIdSupport in Frameworks */,
				614F63EE2B63FAFF000E6022 /* FirebaseFirestoreSwift in Frameworks */,
				6136EC1B2AF551DC00A09DDA /* StripeFinancialConnections in Frameworks */,
				614F63D42B63FAFF000E6022 /* FirebaseAnalyticsOnDeviceConversion in Frameworks */,
				614F63EC2B63FAFF000E6022 /* FirebaseFirestoreCombine-Community in Frameworks */,
				614F64062B63FAFF000E6022 /* FirebaseStorageCombine-Community in Frameworks */,
				6136EC152AF551DC00A09DDA /* Stripe in Frameworks */,
				614F63EA2B63FAFF000E6022 /* FirebaseFirestore in Frameworks */,
				614F63D22B63FAFF000E6022 /* FirebaseAnalytics in Frameworks */,
				614F63E62B63FAFF000E6022 /* FirebaseDatabaseSwift in Frameworks */,
				614C0C0C2AF24FC300D406A3 /* URLImageStore in Frameworks */,
				61DBDFE32ADF0A3E00AE41FA /* Lottie in Frameworks */,
				614F63F62B63FAFF000E6022 /* FirebaseInAppMessagingSwift-Beta in Frameworks */,
				6136EC172AF551DC00A09DDA /* StripeApplePay in Frameworks */,
				614F63E02B63FAFF000E6022 /* FirebaseAuthCombine-Community in Frameworks */,
				619F89E72B6F85E00034E440 /* SlidingTabView in Frameworks */,
				614F63F82B63FAFF000E6022 /* FirebaseInstallations in Frameworks */,
				614F63E22B63FAFF000E6022 /* FirebaseCrashlytics in Frameworks */,
				614F64002B63FAFF000E6022 /* FirebaseRemoteConfig in Frameworks */,
				614F63FA2B63FAFF000E6022 /* FirebaseMLModelDownloader in Frameworks */,
				614C0C0A2AF24FC300D406A3 /* URLImage in Frameworks */,
				614F63C62B63DD9C000E6022 /* FirebaseAnalytics in Frameworks */,
				614F63F42B63FAFF000E6022 /* FirebaseInAppMessaging-Beta in Frameworks */,
				614F63DE2B63FAFF000E6022 /* FirebaseAuth in Frameworks */,
				614F63F02B63FAFF000E6022 /* FirebaseFunctions in Frameworks */,
				614C0C032AF172F500D406A3 /* Auth0 in Frameworks */,
				614F63E82B63FAFF000E6022 /* FirebaseDynamicLinks in Frameworks */,
			);
			runOnlyForDeploymentPostprocessing = 0;
		};
		61E854FE2B851E5000B74677 /* Frameworks */ = {
			isa = PBXFrameworksBuildPhase;
			buildActionMask = 2147483647;
			files = (
			);
			runOnlyForDeploymentPostprocessing = 0;
		};
/* End PBXFrameworksBuildPhase section */

/* Begin PBXGroup section */
		6136EC1E2AF55C6D00A09DDA /* Dropdown Menu */ = {
			isa = PBXGroup;
			children = (
				6136EC1F2AF55C8200A09DDA /* DropdownMenuOption.swift */,
				6136EC232AF55E0F00A09DDA /* DropdownMenu.swift */,
				6136EC252AF5614500A09DDA /* DropdownMenuList.swift */,
				6136EC272AF5649300A09DDA /* DropdownMenuListRow.swift */,
			);
			path = "Dropdown Menu";
			sourceTree = "<group>";
		};
		619F4C0D2AE0062D00D7A861 /* Onboarding */ = {
			isa = PBXGroup;
			children = (
				61DBDFEF2ADFF78700AE41FA /* LoginView.swift */,
				61DBDFC52ADEF83F00AE41FA /* LandingPage.swift */,
			);
			path = Onboarding;
			sourceTree = "<group>";
		};
		61DBDFB72ADEF83E00AE41FA = {
			isa = PBXGroup;
			children = (
				61DBDFC22ADEF83F00AE41FA /* PARC */,
				61E855022B851E5000B74677 /* UnitTests */,
				61DBDFC12ADEF83F00AE41FA /* Products */,
			);
			sourceTree = "<group>";
		};
		61DBDFC12ADEF83F00AE41FA /* Products */ = {
			isa = PBXGroup;
			children = (
				61DBDFC02ADEF83F00AE41FA /* PARC.app */,
				61E855012B851E5000B74677 /* UnitTests.xctest */,
			);
			name = Products;
			sourceTree = "<group>";
		};
		61DBDFC22ADEF83F00AE41FA /* PARC */ = {
			isa = PBXGroup;
			children = (
				6193721F2B6A62C7000966A9 /* GoogleService-Info.plist */,
				61DBDFD82ADEFED400AE41FA /* Info.plist */,
				614C0C042AF1740C00D406A3 /* Auth0.plist */,
				61DBDFDB2ADF098900AE41FA /* ViewModel */,
				61DBDFDA2ADF098400AE41FA /* Model */,
				61DBDFD92ADF097E00AE41FA /* View */,
				61DBDFC32ADEF83F00AE41FA /* PARCApp.swift */,
				61DBDFC72ADEF84000AE41FA /* Assets.xcassets */,
				61DBDFC92ADEF84000AE41FA /* Preview Content */,
			);
			path = PARC;
			sourceTree = "<group>";
		};
		61DBDFC92ADEF84000AE41FA /* Preview Content */ = {
			isa = PBXGroup;
			children = (
				61DBDFCA2ADEF84000AE41FA /* Preview Assets.xcassets */,
			);
			path = "Preview Content";
			sourceTree = "<group>";
		};
		61DBDFD92ADF097E00AE41FA /* View */ = {
			isa = PBXGroup;
			children = (
				6136EC1E2AF55C6D00A09DDA /* Dropdown Menu */,
				619F4C0D2AE0062D00D7A861 /* Onboarding */,
				61DBDFEE2ADFF6B400AE41FA /* User */,
				61DBDFED2ADFF6AE00AE41FA /* Admin */,
				61DBDFE92ADFE28A00AE41FA /* Launch Screen */,
				61DBDFE62ADFDE4A00AE41FA /* Fonts */,
				61DBDFDC2ADF09A400AE41FA /* Lottie Files */,
				615243CD2AE06E4900A18880 /* BottomNavBar.swift */,
				61956B2A2AFA3E4A0038378E /* ImagePicker.swift */,
			);
			path = View;
			sourceTree = "<group>";
		};
		61DBDFDA2ADF098400AE41FA /* Model */ = {
			isa = PBXGroup;
			children = (
				614C0BFF2AF171AE00D406A3 /* Profile.swift */,
				6136EC092AF4F34E00A09DDA /* CreateDB.swift */,
				6136EC0B2AF4F35500A09DDA /* UpdateDB.swift */,
				6136EC0D2AF4F35C00A09DDA /* ReadDB.swift */,
				6136EC0F2AF4F36500A09DDA /* DeleteDB.swift */,
				6132F8D42AFBD439004A85FC /* MiscFunctions.swift */,
			);
			path = Model;
			sourceTree = "<group>";
		};
		61DBDFDB2ADF098900AE41FA /* ViewModel */ = {
			isa = PBXGroup;
			children = (
				6193721D2B6A55D5000966A9 /* AppConfig.swift */,
			);
			path = ViewModel;
			sourceTree = "<group>";
		};
		61DBDFDC2ADF09A400AE41FA /* Lottie Files */ = {
			isa = PBXGroup;
			children = (
				614C0C062AF17CCA00D406A3 /* loading_3.0.json */,
				6180FADC2AED214200A99D6D /* transaction.json */,
				6180FADA2AED1D9400A99D6D /* confetti.json */,
				61DBDFE42ADFDC8D00AE41FA /* shop.json */,
				61DBDFDF2ADF0A0D00AE41FA /* LottieView.swift */,
			);
			path = "Lottie Files";
			sourceTree = "<group>";
		};
		61DBDFE62ADFDE4A00AE41FA /* Fonts */ = {
			isa = PBXGroup;
			children = (
				61DBDFE72ADFDE5800AE41FA /* Nunito-VariableFont_wght.ttf */,
			);
			path = Fonts;
			sourceTree = "<group>";
		};
		61DBDFE92ADFE28A00AE41FA /* Launch Screen */ = {
			isa = PBXGroup;
			children = (
				61DBDFEA2ADFE29C00AE41FA /* LaunchScreen.storyboard */,
			);
			path = "Launch Screen";
			sourceTree = "<group>";
		};
		61DBDFED2ADFF6AE00AE41FA /* Admin */ = {
			isa = PBXGroup;
			children = (
				6180FAE02AED2D6F00A99D6D /* AdminHome.swift */,
				6180FAE22AED4BA400A99D6D /* AdminOpportunityForm.swift */,
				6180FAE42AED506900A99D6D /* AdminPayoutForm.swift */,
				6180FAE62AED550900A99D6D /* AdminTradingForm.swift */,
				6179DC312AEE31B100A83F9A /* AdminOpportunityClick.swift */,
				6179DC332AEE31ED00A83F9A /* AdminPayoutClick.swift */,
				6179DC352AEE31FB00A83F9A /* AdminTradingClick.swift */,
				6179DC372AEE412300A83F9A /* AdminAccount.swift */,
				61956B282AF969510038378E /* AdminFranchiseForm.swift */,
			);
			path = Admin;
			sourceTree = "<group>";
		};
		61DBDFEE2ADFF6B400AE41FA /* User */ = {
			isa = PBXGroup;
			children = (
				617E98832AECE53B0085C4EE /* UserInvestPage.swift */,
				619F4C0E2AE00F7100D7A861 /* UserHome.swift */,
				615243CF2AE128F500A18880 /* UserPortfolio.swift */,
				615243D12AE1290400A18880 /* UserMarketplace.swift */,
				615243D32AE1290B00A18880 /* UserAccount.swift */,
				613877A52AE26B77000C959A /* UserOpportunityClick.swift */,
				61346E1C2AE51CE900E1941B /* UserMarketplaceClick.swift */,
				617E98812AECD4980085C4EE /* UserListShares.swift */,
				61346E1E2AE66E0F00E1941B /* UserMarketplaceBottomSheet.swift */,
				6136EC112AF5375500A09DDA /* UserOnboarding.swift */,
				619372212B6BC704000966A9 /* UserTransactionHistory.swift */,
			);
			path = User;
			sourceTree = "<group>";
		};
		61E855022B851E5000B74677 /* UnitTests */ = {
			isa = PBXGroup;
			children = (
				61E855032B851E5000B74677 /* UnitTests.swift */,
			);
			path = UnitTests;
			sourceTree = "<group>";
		};
/* End PBXGroup section */

/* Begin PBXNativeTarget section */
		61DBDFBF2ADEF83E00AE41FA /* PARC */ = {
			isa = PBXNativeTarget;
			buildConfigurationList = 61DBDFCE2ADEF84000AE41FA /* Build configuration list for PBXNativeTarget "PARC" */;
			buildPhases = (
				61DBDFBC2ADEF83E00AE41FA /* Sources */,
				61DBDFBD2ADEF83E00AE41FA /* Frameworks */,
				61DBDFBE2ADEF83E00AE41FA /* Resources */,
			);
			buildRules = (
			);
			dependencies = (
			);
			name = PARC;
			packageProductDependencies = (
				61DBDFE22ADF0A3E00AE41FA /* Lottie */,
				614C0C022AF172F500D406A3 /* Auth0 */,
				614C0C092AF24FC300D406A3 /* URLImage */,
				614C0C0B2AF24FC300D406A3 /* URLImageStore */,
				6136EC142AF551DC00A09DDA /* Stripe */,
				6136EC162AF551DC00A09DDA /* StripeApplePay */,
				6136EC182AF551DC00A09DDA /* StripeCardScan */,
				6136EC1A2AF551DC00A09DDA /* StripeFinancialConnections */,
				6136EC1C2AF551DC00A09DDA /* StripeIdentity */,
				614F63C52B63DD9C000E6022 /* FirebaseAnalytics */,
				614F63C72B63DD9C000E6022 /* FirebaseAnalyticsOnDeviceConversion */,
				614F63C92B63DD9C000E6022 /* FirebaseAnalyticsSwift */,
				614F63CB2B63DD9C000E6022 /* FirebaseAnalyticsWithoutAdIdSupport */,
				614F63CD2B63DD9C000E6022 /* FirebaseAppCheck */,
				614F63D12B63FAFF000E6022 /* FirebaseAnalytics */,
				614F63D32B63FAFF000E6022 /* FirebaseAnalyticsOnDeviceConversion */,
				614F63D52B63FAFF000E6022 /* FirebaseAnalyticsSwift */,
				614F63D72B63FAFF000E6022 /* FirebaseAnalyticsWithoutAdIdSupport */,
				614F63D92B63FAFF000E6022 /* FirebaseAppCheck */,
				614F63DB2B63FAFF000E6022 /* FirebaseAppDistribution-Beta */,
				614F63DD2B63FAFF000E6022 /* FirebaseAuth */,
				614F63DF2B63FAFF000E6022 /* FirebaseAuthCombine-Community */,
				614F63E12B63FAFF000E6022 /* FirebaseCrashlytics */,
				614F63E32B63FAFF000E6022 /* FirebaseDatabase */,
				614F63E52B63FAFF000E6022 /* FirebaseDatabaseSwift */,
				614F63E72B63FAFF000E6022 /* FirebaseDynamicLinks */,
				614F63E92B63FAFF000E6022 /* FirebaseFirestore */,
				614F63EB2B63FAFF000E6022 /* FirebaseFirestoreCombine-Community */,
				614F63ED2B63FAFF000E6022 /* FirebaseFirestoreSwift */,
				614F63EF2B63FAFF000E6022 /* FirebaseFunctions */,
				614F63F12B63FAFF000E6022 /* FirebaseFunctionsCombine-Community */,
				614F63F32B63FAFF000E6022 /* FirebaseInAppMessaging-Beta */,
				614F63F52B63FAFF000E6022 /* FirebaseInAppMessagingSwift-Beta */,
				614F63F72B63FAFF000E6022 /* FirebaseInstallations */,
				614F63F92B63FAFF000E6022 /* FirebaseMLModelDownloader */,
				614F63FB2B63FAFF000E6022 /* FirebaseMessaging */,
				614F63FD2B63FAFF000E6022 /* FirebasePerformance */,
				614F63FF2B63FAFF000E6022 /* FirebaseRemoteConfig */,
				614F64012B63FAFF000E6022 /* FirebaseRemoteConfigSwift */,
				614F64032B63FAFF000E6022 /* FirebaseStorage */,
				614F64052B63FAFF000E6022 /* FirebaseStorageCombine-Community */,
				619F89E62B6F85E00034E440 /* SlidingTabView */,
			);
			productName = PARC;
			productReference = 61DBDFC02ADEF83F00AE41FA /* PARC.app */;
			productType = "com.apple.product-type.application";
		};
		61E855002B851E5000B74677 /* UnitTests */ = {
			isa = PBXNativeTarget;
			buildConfigurationList = 61E855072B851E5000B74677 /* Build configuration list for PBXNativeTarget "UnitTests" */;
			buildPhases = (
				61E854FD2B851E5000B74677 /* Sources */,
				61E854FE2B851E5000B74677 /* Frameworks */,
				61E854FF2B851E5000B74677 /* Resources */,
			);
			buildRules = (
			);
			dependencies = (
				61E855062B851E5000B74677 /* PBXTargetDependency */,
			);
			name = UnitTests;
			productName = UnitTests;
			productReference = 61E855012B851E5000B74677 /* UnitTests.xctest */;
			productType = "com.apple.product-type.bundle.unit-test";
		};
/* End PBXNativeTarget section */

/* Begin PBXProject section */
		61DBDFB82ADEF83E00AE41FA /* Project object */ = {
			isa = PBXProject;
			attributes = {
				BuildIndependentTargetsInParallel = 1;
				LastSwiftUpdateCheck = 1520;
				LastUpgradeCheck = 1430;
				TargetAttributes = {
					61DBDFBF2ADEF83E00AE41FA = {
						CreatedOnToolsVersion = 14.3;
					};
					61E855002B851E5000B74677 = {
						CreatedOnToolsVersion = 15.2;
						TestTargetID = 61DBDFBF2ADEF83E00AE41FA;
					};
				};
			};
			buildConfigurationList = 61DBDFBB2ADEF83E00AE41FA /* Build configuration list for PBXProject "PARC" */;
			compatibilityVersion = "Xcode 14.0";
			developmentRegion = en;
			hasScannedForEncodings = 0;
			knownRegions = (
				en,
				Base,
			);
			mainGroup = 61DBDFB72ADEF83E00AE41FA;
			packageReferences = (
				61DBDFE12ADF0A3E00AE41FA /* XCRemoteSwiftPackageReference "lottie-ios" */,
				614C0C012AF172F500D406A3 /* XCRemoteSwiftPackageReference "Auth0" */,
				614C0C082AF24FC300D406A3 /* XCRemoteSwiftPackageReference "url-image" */,
				6136EC132AF551DC00A09DDA /* XCRemoteSwiftPackageReference "stripe-ios-spm" */,
				614F63C42B63DD9C000E6022 /* XCRemoteSwiftPackageReference "firebase-ios-sdk" */,
				619F89E52B6F85E00034E440 /* XCRemoteSwiftPackageReference "SlidingTabView" */,
			);
			productRefGroup = 61DBDFC12ADEF83F00AE41FA /* Products */;
			projectDirPath = "";
			projectRoot = "";
			targets = (
				61DBDFBF2ADEF83E00AE41FA /* PARC */,
				61E855002B851E5000B74677 /* UnitTests */,
			);
		};
/* End PBXProject section */

/* Begin PBXResourcesBuildPhase section */
		61DBDFBE2ADEF83E00AE41FA /* Resources */ = {
			isa = PBXResourcesBuildPhase;
			buildActionMask = 2147483647;
			files = (
				61DBDFE82ADFDE5800AE41FA /* Nunito-VariableFont_wght.ttf in Resources */,
				6180FADB2AED1D9400A99D6D /* confetti.json in Resources */,
				6180FADD2AED214200A99D6D /* transaction.json in Resources */,
				61DBDFCB2ADEF84000AE41FA /* Preview Assets.xcassets in Resources */,
				614C0C072AF17CCA00D406A3 /* loading_3.0.json in Resources */,
				61DBDFE52ADFDC8D00AE41FA /* shop.json in Resources */,
				61DBDFEB2ADFE29C00AE41FA /* LaunchScreen.storyboard in Resources */,
				619372202B6A62C7000966A9 /* GoogleService-Info.plist in Resources */,
				61DBDFC82ADEF84000AE41FA /* Assets.xcassets in Resources */,
				614C0C052AF1740C00D406A3 /* Auth0.plist in Resources */,
			);
			runOnlyForDeploymentPostprocessing = 0;
		};
		61E854FF2B851E5000B74677 /* Resources */ = {
			isa = PBXResourcesBuildPhase;
			buildActionMask = 2147483647;
			files = (
			);
			runOnlyForDeploymentPostprocessing = 0;
		};
/* End PBXResourcesBuildPhase section */

/* Begin PBXSourcesBuildPhase section */
		61DBDFBC2ADEF83E00AE41FA /* Sources */ = {
			isa = PBXSourcesBuildPhase;
			buildActionMask = 2147483647;
			files = (
				615243D22AE1290400A18880 /* UserMarketplace.swift in Sources */,
				619F4C0F2AE00F7100D7A861 /* UserHome.swift in Sources */,
				6179DC322AEE31B100A83F9A /* AdminOpportunityClick.swift in Sources */,
				61956B2B2AFA3E4A0038378E /* ImagePicker.swift in Sources */,
				615243D42AE1290B00A18880 /* UserAccount.swift in Sources */,
				61DBDFC62ADEF83F00AE41FA /* LandingPage.swift in Sources */,
				61956B292AF969510038378E /* AdminFranchiseForm.swift in Sources */,
				617E98842AECE53B0085C4EE /* UserInvestPage.swift in Sources */,
				615243CE2AE06E4900A18880 /* BottomNavBar.swift in Sources */,
				61346E1D2AE51CE900E1941B /* UserMarketplaceClick.swift in Sources */,
				615243D02AE128F500A18880 /* UserPortfolio.swift in Sources */,
				6136EC102AF4F36500A09DDA /* DeleteDB.swift in Sources */,
				6136EC282AF5649300A09DDA /* DropdownMenuListRow.swift in Sources */,
				61DBDFC42ADEF83F00AE41FA /* PARCApp.swift in Sources */,
				6136EC242AF55E0F00A09DDA /* DropdownMenu.swift in Sources */,
				6179DC342AEE31ED00A83F9A /* AdminPayoutClick.swift in Sources */,
				6136EC202AF55C8200A09DDA /* DropdownMenuOption.swift in Sources */,
				6136EC0A2AF4F34E00A09DDA /* CreateDB.swift in Sources */,
				6180FAE12AED2D6F00A99D6D /* AdminHome.swift in Sources */,
				61DBDFF02ADFF78700AE41FA /* LoginView.swift in Sources */,
				6180FAE52AED506900A99D6D /* AdminPayoutForm.swift in Sources */,
				6193721E2B6A55D5000966A9 /* AppConfig.swift in Sources */,
				6136EC0E2AF4F35C00A09DDA /* ReadDB.swift in Sources */,
				613877A62AE26B77000C959A /* UserOpportunityClick.swift in Sources */,
				6179DC362AEE31FB00A83F9A /* AdminTradingClick.swift in Sources */,
				6136EC0C2AF4F35500A09DDA /* UpdateDB.swift in Sources */,
				61346E1F2AE66E0F00E1941B /* UserMarketplaceBottomSheet.swift in Sources */,
				6136EC122AF5375500A09DDA /* UserOnboarding.swift in Sources */,
				617E98822AECD4980085C4EE /* UserListShares.swift in Sources */,
				6180FAE72AED550900A99D6D /* AdminTradingForm.swift in Sources */,
				6136EC262AF5614500A09DDA /* DropdownMenuList.swift in Sources */,
				619372222B6BC704000966A9 /* UserTransactionHistory.swift in Sources */,
				6132F8D52AFBD439004A85FC /* MiscFunctions.swift in Sources */,
				61DBDFE02ADF0A0D00AE41FA /* LottieView.swift in Sources */,
				6180FAE32AED4BA400A99D6D /* AdminOpportunityForm.swift in Sources */,
				614C0C002AF171AE00D406A3 /* Profile.swift in Sources */,
				6179DC382AEE412300A83F9A /* AdminAccount.swift in Sources */,
			);
			runOnlyForDeploymentPostprocessing = 0;
		};
		61E854FD2B851E5000B74677 /* Sources */ = {
			isa = PBXSourcesBuildPhase;
			buildActionMask = 2147483647;
			files = (
				61E855042B851E5000B74677 /* UnitTests.swift in Sources */,
			);
			runOnlyForDeploymentPostprocessing = 0;
		};
/* End PBXSourcesBuildPhase section */

/* Begin PBXTargetDependency section */
		61E855062B851E5000B74677 /* PBXTargetDependency */ = {
			isa = PBXTargetDependency;
			target = 61DBDFBF2ADEF83E00AE41FA /* PARC */;
			targetProxy = 61E855052B851E5000B74677 /* PBXContainerItemProxy */;
		};
/* End PBXTargetDependency section */

/* Begin XCBuildConfiguration section */
		61DBDFCC2ADEF84000AE41FA /* Debug */ = {
			isa = XCBuildConfiguration;
			buildSettings = {
				ALWAYS_SEARCH_USER_PATHS = NO;
				CLANG_ANALYZER_NONNULL = YES;
				CLANG_ANALYZER_NUMBER_OBJECT_CONVERSION = YES_AGGRESSIVE;
				CLANG_CXX_LANGUAGE_STANDARD = "gnu++20";
				CLANG_ENABLE_MODULES = YES;
				CLANG_ENABLE_OBJC_ARC = YES;
				CLANG_ENABLE_OBJC_WEAK = YES;
				CLANG_WARN_BLOCK_CAPTURE_AUTORELEASING = YES;
				CLANG_WARN_BOOL_CONVERSION = YES;
				CLANG_WARN_COMMA = YES;
				CLANG_WARN_CONSTANT_CONVERSION = YES;
				CLANG_WARN_DEPRECATED_OBJC_IMPLEMENTATIONS = YES;
				CLANG_WARN_DIRECT_OBJC_ISA_USAGE = YES_ERROR;
				CLANG_WARN_DOCUMENTATION_COMMENTS = YES;
				CLANG_WARN_EMPTY_BODY = YES;
				CLANG_WARN_ENUM_CONVERSION = YES;
				CLANG_WARN_INFINITE_RECURSION = YES;
				CLANG_WARN_INT_CONVERSION = YES;
				CLANG_WARN_NON_LITERAL_NULL_CONVERSION = YES;
				CLANG_WARN_OBJC_IMPLICIT_RETAIN_SELF = YES;
				CLANG_WARN_OBJC_LITERAL_CONVERSION = YES;
				CLANG_WARN_OBJC_ROOT_CLASS = YES_ERROR;
				CLANG_WARN_QUOTED_INCLUDE_IN_FRAMEWORK_HEADER = YES;
				CLANG_WARN_RANGE_LOOP_ANALYSIS = YES;
				CLANG_WARN_STRICT_PROTOTYPES = YES;
				CLANG_WARN_SUSPICIOUS_MOVE = YES;
				CLANG_WARN_UNGUARDED_AVAILABILITY = YES_AGGRESSIVE;
				CLANG_WARN_UNREACHABLE_CODE = YES;
				CLANG_WARN__DUPLICATE_METHOD_MATCH = YES;
				COPY_PHASE_STRIP = NO;
				DEBUG_INFORMATION_FORMAT = dwarf;
				ENABLE_STRICT_OBJC_MSGSEND = YES;
				ENABLE_TESTABILITY = YES;
				GCC_C_LANGUAGE_STANDARD = gnu11;
				GCC_DYNAMIC_NO_PIC = NO;
				GCC_NO_COMMON_BLOCKS = YES;
				GCC_OPTIMIZATION_LEVEL = 0;
				GCC_PREPROCESSOR_DEFINITIONS = (
					"DEBUG=1",
					"$(inherited)",
				);
				GCC_WARN_64_TO_32_BIT_CONVERSION = YES;
				GCC_WARN_ABOUT_RETURN_TYPE = YES_ERROR;
				GCC_WARN_UNDECLARED_SELECTOR = YES;
				GCC_WARN_UNINITIALIZED_AUTOS = YES_AGGRESSIVE;
				GCC_WARN_UNUSED_FUNCTION = YES;
				GCC_WARN_UNUSED_VARIABLE = YES;
				IPHONEOS_DEPLOYMENT_TARGET = 17.0;
				MTL_ENABLE_DEBUG_INFO = INCLUDE_SOURCE;
				MTL_FAST_MATH = YES;
				ONLY_ACTIVE_ARCH = YES;
				SDKROOT = iphoneos;
				SWIFT_ACTIVE_COMPILATION_CONDITIONS = DEBUG;
				SWIFT_OPTIMIZATION_LEVEL = "-Onone";
			};
			name = Debug;
		};
		61DBDFCD2ADEF84000AE41FA /* Release */ = {
			isa = XCBuildConfiguration;
			buildSettings = {
				ALWAYS_SEARCH_USER_PATHS = NO;
				CLANG_ANALYZER_NONNULL = YES;
				CLANG_ANALYZER_NUMBER_OBJECT_CONVERSION = YES_AGGRESSIVE;
				CLANG_CXX_LANGUAGE_STANDARD = "gnu++20";
				CLANG_ENABLE_MODULES = YES;
				CLANG_ENABLE_OBJC_ARC = YES;
				CLANG_ENABLE_OBJC_WEAK = YES;
				CLANG_WARN_BLOCK_CAPTURE_AUTORELEASING = YES;
				CLANG_WARN_BOOL_CONVERSION = YES;
				CLANG_WARN_COMMA = YES;
				CLANG_WARN_CONSTANT_CONVERSION = YES;
				CLANG_WARN_DEPRECATED_OBJC_IMPLEMENTATIONS = YES;
				CLANG_WARN_DIRECT_OBJC_ISA_USAGE = YES_ERROR;
				CLANG_WARN_DOCUMENTATION_COMMENTS = YES;
				CLANG_WARN_EMPTY_BODY = YES;
				CLANG_WARN_ENUM_CONVERSION = YES;
				CLANG_WARN_INFINITE_RECURSION = YES;
				CLANG_WARN_INT_CONVERSION = YES;
				CLANG_WARN_NON_LITERAL_NULL_CONVERSION = YES;
				CLANG_WARN_OBJC_IMPLICIT_RETAIN_SELF = YES;
				CLANG_WARN_OBJC_LITERAL_CONVERSION = YES;
				CLANG_WARN_OBJC_ROOT_CLASS = YES_ERROR;
				CLANG_WARN_QUOTED_INCLUDE_IN_FRAMEWORK_HEADER = YES;
				CLANG_WARN_RANGE_LOOP_ANALYSIS = YES;
				CLANG_WARN_STRICT_PROTOTYPES = YES;
				CLANG_WARN_SUSPICIOUS_MOVE = YES;
				CLANG_WARN_UNGUARDED_AVAILABILITY = YES_AGGRESSIVE;
				CLANG_WARN_UNREACHABLE_CODE = YES;
				CLANG_WARN__DUPLICATE_METHOD_MATCH = YES;
				COPY_PHASE_STRIP = NO;
				DEBUG_INFORMATION_FORMAT = "dwarf-with-dsym";
				ENABLE_NS_ASSERTIONS = NO;
				ENABLE_STRICT_OBJC_MSGSEND = YES;
				GCC_C_LANGUAGE_STANDARD = gnu11;
				GCC_NO_COMMON_BLOCKS = YES;
				GCC_WARN_64_TO_32_BIT_CONVERSION = YES;
				GCC_WARN_ABOUT_RETURN_TYPE = YES_ERROR;
				GCC_WARN_UNDECLARED_SELECTOR = YES;
				GCC_WARN_UNINITIALIZED_AUTOS = YES_AGGRESSIVE;
				GCC_WARN_UNUSED_FUNCTION = YES;
				GCC_WARN_UNUSED_VARIABLE = YES;
				IPHONEOS_DEPLOYMENT_TARGET = 17.0;
				MTL_ENABLE_DEBUG_INFO = NO;
				MTL_FAST_MATH = YES;
				SDKROOT = iphoneos;
				SWIFT_COMPILATION_MODE = wholemodule;
				SWIFT_OPTIMIZATION_LEVEL = "-O";
				VALIDATE_PRODUCT = YES;
			};
			name = Release;
		};
		61DBDFCF2ADEF84000AE41FA /* Debug */ = {
			isa = XCBuildConfiguration;
			buildSettings = {
				ASSETCATALOG_COMPILER_APPICON_NAME = AppIcon;
				ASSETCATALOG_COMPILER_GLOBAL_ACCENT_COLOR_NAME = AccentColor;
				CODE_SIGN_STYLE = Automatic;
				CURRENT_PROJECT_VERSION = 1;
				DEVELOPMENT_ASSET_PATHS = "\"PARC/Preview Content\"";
				DEVELOPMENT_TEAM = 29VBPZUJ23;
				ENABLE_PREVIEWS = YES;
				GENERATE_INFOPLIST_FILE = YES;
				INFOPLIST_FILE = PARC/Info.plist;
				INFOPLIST_KEY_CFBundleDisplayName = PARC;
				INFOPLIST_KEY_LSApplicationCategoryType = "public.app-category.finance";
				INFOPLIST_KEY_NSFaceIDUsageDescription = "We need to secure your app from being accessed by unauthorised parties";
				INFOPLIST_KEY_UIApplicationSceneManifest_Generation = YES;
				INFOPLIST_KEY_UIApplicationSupportsIndirectInputEvents = YES;
				INFOPLIST_KEY_UILaunchScreen_Generation = YES;
				INFOPLIST_KEY_UILaunchStoryboardName = LaunchScreen.storyboard;
				INFOPLIST_KEY_UIStatusBarStyle = UIStatusBarStyleLightContent;
				INFOPLIST_KEY_UISupportedInterfaceOrientations = UIInterfaceOrientationPortrait;
				INFOPLIST_KEY_UISupportedInterfaceOrientations_iPad = "UIInterfaceOrientationLandscapeLeft UIInterfaceOrientationLandscapeRight UIInterfaceOrientationPortrait UIInterfaceOrientationPortraitUpsideDown";
				IPHONEOS_DEPLOYMENT_TARGET = 17.0;
				LD_RUNPATH_SEARCH_PATHS = (
					"$(inherited)",
					"@executable_path/Frameworks",
				);
				MARKETING_VERSION = 1.0;
				PRODUCT_BUNDLE_IDENTIFIER = com.axie.noti.PARC;
				PRODUCT_NAME = "$(TARGET_NAME)";
				SWIFT_EMIT_LOC_STRINGS = YES;
				SWIFT_VERSION = 5.0;
				TARGETED_DEVICE_FAMILY = "1,2";
			};
			name = Debug;
		};
		61DBDFD02ADEF84000AE41FA /* Release */ = {
			isa = XCBuildConfiguration;
			buildSettings = {
				ASSETCATALOG_COMPILER_APPICON_NAME = AppIcon;
				ASSETCATALOG_COMPILER_GLOBAL_ACCENT_COLOR_NAME = AccentColor;
				CODE_SIGN_STYLE = Automatic;
				CURRENT_PROJECT_VERSION = 1;
				DEVELOPMENT_ASSET_PATHS = "\"PARC/Preview Content\"";
				DEVELOPMENT_TEAM = 29VBPZUJ23;
				ENABLE_PREVIEWS = YES;
				GENERATE_INFOPLIST_FILE = YES;
				INFOPLIST_FILE = PARC/Info.plist;
				INFOPLIST_KEY_CFBundleDisplayName = PARC;
				INFOPLIST_KEY_LSApplicationCategoryType = "public.app-category.finance";
				INFOPLIST_KEY_NSFaceIDUsageDescription = "We need to secure your app from being accessed by unauthorised parties";
				INFOPLIST_KEY_UIApplicationSceneManifest_Generation = YES;
				INFOPLIST_KEY_UIApplicationSupportsIndirectInputEvents = YES;
				INFOPLIST_KEY_UILaunchScreen_Generation = YES;
				INFOPLIST_KEY_UILaunchStoryboardName = LaunchScreen.storyboard;
				INFOPLIST_KEY_UIStatusBarStyle = UIStatusBarStyleLightContent;
				INFOPLIST_KEY_UISupportedInterfaceOrientations = UIInterfaceOrientationPortrait;
				INFOPLIST_KEY_UISupportedInterfaceOrientations_iPad = "UIInterfaceOrientationLandscapeLeft UIInterfaceOrientationLandscapeRight UIInterfaceOrientationPortrait UIInterfaceOrientationPortraitUpsideDown";
				IPHONEOS_DEPLOYMENT_TARGET = 17.0;
				LD_RUNPATH_SEARCH_PATHS = (
					"$(inherited)",
					"@executable_path/Frameworks",
				);
				MARKETING_VERSION = 1.0;
				PRODUCT_BUNDLE_IDENTIFIER = com.axie.noti.PARC;
				PRODUCT_NAME = "$(TARGET_NAME)";
				SWIFT_EMIT_LOC_STRINGS = YES;
				SWIFT_VERSION = 5.0;
				TARGETED_DEVICE_FAMILY = "1,2";
			};
			name = Release;
		};
		61E855082B851E5000B74677 /* Debug */ = {
			isa = XCBuildConfiguration;
			buildSettings = {
				ASSETCATALOG_COMPILER_GENERATE_SWIFT_ASSET_SYMBOL_EXTENSIONS = YES;
				BUNDLE_LOADER = "$(TEST_HOST)";
				CODE_SIGN_STYLE = Automatic;
				CURRENT_PROJECT_VERSION = 1;
				DEVELOPMENT_TEAM = 29VBPZUJ23;
				ENABLE_USER_SCRIPT_SANDBOXING = YES;
				GCC_C_LANGUAGE_STANDARD = gnu17;
				GENERATE_INFOPLIST_FILE = YES;
				IPHONEOS_DEPLOYMENT_TARGET = 17.2;
				LOCALIZATION_PREFERS_STRING_CATALOGS = YES;
				MARKETING_VERSION = 1.0;
				PRODUCT_BUNDLE_IDENTIFIER = com.axie.noti.UnitTests;
				PRODUCT_NAME = "$(TARGET_NAME)";
				SWIFT_ACTIVE_COMPILATION_CONDITIONS = "DEBUG $(inherited)";
				SWIFT_EMIT_LOC_STRINGS = NO;
				SWIFT_VERSION = 5.0;
				TARGETED_DEVICE_FAMILY = "1,2";
				TEST_HOST = "$(BUILT_PRODUCTS_DIR)/PARC.app/$(BUNDLE_EXECUTABLE_FOLDER_PATH)/PARC";
			};
			name = Debug;
		};
		61E855092B851E5000B74677 /* Release */ = {
			isa = XCBuildConfiguration;
			buildSettings = {
				ASSETCATALOG_COMPILER_GENERATE_SWIFT_ASSET_SYMBOL_EXTENSIONS = YES;
				BUNDLE_LOADER = "$(TEST_HOST)";
				CODE_SIGN_STYLE = Automatic;
				CURRENT_PROJECT_VERSION = 1;
				DEVELOPMENT_TEAM = 29VBPZUJ23;
				ENABLE_USER_SCRIPT_SANDBOXING = YES;
				GCC_C_LANGUAGE_STANDARD = gnu17;
				GENERATE_INFOPLIST_FILE = YES;
				IPHONEOS_DEPLOYMENT_TARGET = 17.2;
				LOCALIZATION_PREFERS_STRING_CATALOGS = YES;
				MARKETING_VERSION = 1.0;
				PRODUCT_BUNDLE_IDENTIFIER = com.axie.noti.UnitTests;
				PRODUCT_NAME = "$(TARGET_NAME)";
				SWIFT_EMIT_LOC_STRINGS = NO;
				SWIFT_VERSION = 5.0;
				TARGETED_DEVICE_FAMILY = "1,2";
				TEST_HOST = "$(BUILT_PRODUCTS_DIR)/PARC.app/$(BUNDLE_EXECUTABLE_FOLDER_PATH)/PARC";
			};
			name = Release;
		};
/* End XCBuildConfiguration section */

/* Begin XCConfigurationList section */
		61DBDFBB2ADEF83E00AE41FA /* Build configuration list for PBXProject "PARC" */ = {
			isa = XCConfigurationList;
			buildConfigurations = (
				61DBDFCC2ADEF84000AE41FA /* Debug */,
				61DBDFCD2ADEF84000AE41FA /* Release */,
			);
			defaultConfigurationIsVisible = 0;
			defaultConfigurationName = Release;
		};
		61DBDFCE2ADEF84000AE41FA /* Build configuration list for PBXNativeTarget "PARC" */ = {
			isa = XCConfigurationList;
			buildConfigurations = (
				61DBDFCF2ADEF84000AE41FA /* Debug */,
				61DBDFD02ADEF84000AE41FA /* Release */,
			);
			defaultConfigurationIsVisible = 0;
			defaultConfigurationName = Release;
		};
		61E855072B851E5000B74677 /* Build configuration list for PBXNativeTarget "UnitTests" */ = {
			isa = XCConfigurationList;
			buildConfigurations = (
				61E855082B851E5000B74677 /* Debug */,
				61E855092B851E5000B74677 /* Release */,
			);
			defaultConfigurationIsVisible = 0;
			defaultConfigurationName = Release;
		};
/* End XCConfigurationList section */

/* Begin XCRemoteSwiftPackageReference section */
		6136EC132AF551DC00A09DDA /* XCRemoteSwiftPackageReference "stripe-ios-spm" */ = {
			isa = XCRemoteSwiftPackageReference;
			repositoryURL = "https://github.com/stripe/stripe-ios-spm";
			requirement = {
				kind = upToNextMajorVersion;
				minimumVersion = 23.18.1;
			};
		};
		614C0C012AF172F500D406A3 /* XCRemoteSwiftPackageReference "Auth0" */ = {
			isa = XCRemoteSwiftPackageReference;
			repositoryURL = "https://github.com/auth0/Auth0.swift";
			requirement = {
				kind = upToNextMajorVersion;
				minimumVersion = 2.5.0;
			};
		};
		614C0C082AF24FC300D406A3 /* XCRemoteSwiftPackageReference "url-image" */ = {
			isa = XCRemoteSwiftPackageReference;
			repositoryURL = "https://github.com/dmytro-anokhin/url-image";
			requirement = {
				kind = upToNextMajorVersion;
				minimumVersion = 3.1.1;
			};
		};
		614F63C42B63DD9C000E6022 /* XCRemoteSwiftPackageReference "firebase-ios-sdk" */ = {
			isa = XCRemoteSwiftPackageReference;
			repositoryURL = "https://github.com/firebase/firebase-ios-sdk";
			requirement = {
				kind = upToNextMajorVersion;
				minimumVersion = 10.20.0;
			};
		};
		619F89E52B6F85E00034E440 /* XCRemoteSwiftPackageReference "SlidingTabView" */ = {
			isa = XCRemoteSwiftPackageReference;
			repositoryURL = "https://github.com/QuynhNguyen/SlidingTabView";
			requirement = {
				kind = upToNextMajorVersion;
				minimumVersion = 1.0.2;
			};
		};
		61DBDFE12ADF0A3E00AE41FA /* XCRemoteSwiftPackageReference "lottie-ios" */ = {
			isa = XCRemoteSwiftPackageReference;
			repositoryURL = "https://github.com/airbnb/lottie-ios.git";
			requirement = {
				kind = upToNextMajorVersion;
				minimumVersion = 4.0.0;
			};
		};
/* End XCRemoteSwiftPackageReference section */

/* Begin XCSwiftPackageProductDependency section */
		6136EC142AF551DC00A09DDA /* Stripe */ = {
			isa = XCSwiftPackageProductDependency;
			package = 6136EC132AF551DC00A09DDA /* XCRemoteSwiftPackageReference "stripe-ios-spm" */;
			productName = Stripe;
		};
		6136EC162AF551DC00A09DDA /* StripeApplePay */ = {
			isa = XCSwiftPackageProductDependency;
			package = 6136EC132AF551DC00A09DDA /* XCRemoteSwiftPackageReference "stripe-ios-spm" */;
			productName = StripeApplePay;
		};
		6136EC182AF551DC00A09DDA /* StripeCardScan */ = {
			isa = XCSwiftPackageProductDependency;
			package = 6136EC132AF551DC00A09DDA /* XCRemoteSwiftPackageReference "stripe-ios-spm" */;
			productName = StripeCardScan;
		};
		6136EC1A2AF551DC00A09DDA /* StripeFinancialConnections */ = {
			isa = XCSwiftPackageProductDependency;
			package = 6136EC132AF551DC00A09DDA /* XCRemoteSwiftPackageReference "stripe-ios-spm" */;
			productName = StripeFinancialConnections;
		};
		6136EC1C2AF551DC00A09DDA /* StripeIdentity */ = {
			isa = XCSwiftPackageProductDependency;
			package = 6136EC132AF551DC00A09DDA /* XCRemoteSwiftPackageReference "stripe-ios-spm" */;
			productName = StripeIdentity;
		};
		614C0C022AF172F500D406A3 /* Auth0 */ = {
			isa = XCSwiftPackageProductDependency;
			package = 614C0C012AF172F500D406A3 /* XCRemoteSwiftPackageReference "Auth0" */;
			productName = Auth0;
		};
		614C0C092AF24FC300D406A3 /* URLImage */ = {
			isa = XCSwiftPackageProductDependency;
			package = 614C0C082AF24FC300D406A3 /* XCRemoteSwiftPackageReference "url-image" */;
			productName = URLImage;
		};
		614C0C0B2AF24FC300D406A3 /* URLImageStore */ = {
			isa = XCSwiftPackageProductDependency;
			package = 614C0C082AF24FC300D406A3 /* XCRemoteSwiftPackageReference "url-image" */;
			productName = URLImageStore;
		};
		614F63C52B63DD9C000E6022 /* FirebaseAnalytics */ = {
			isa = XCSwiftPackageProductDependency;
			package = 614F63C42B63DD9C000E6022 /* XCRemoteSwiftPackageReference "firebase-ios-sdk" */;
			productName = FirebaseAnalytics;
		};
		614F63C72B63DD9C000E6022 /* FirebaseAnalyticsOnDeviceConversion */ = {
			isa = XCSwiftPackageProductDependency;
			package = 614F63C42B63DD9C000E6022 /* XCRemoteSwiftPackageReference "firebase-ios-sdk" */;
			productName = FirebaseAnalyticsOnDeviceConversion;
		};
		614F63C92B63DD9C000E6022 /* FirebaseAnalyticsSwift */ = {
			isa = XCSwiftPackageProductDependency;
			package = 614F63C42B63DD9C000E6022 /* XCRemoteSwiftPackageReference "firebase-ios-sdk" */;
			productName = FirebaseAnalyticsSwift;
		};
		614F63CB2B63DD9C000E6022 /* FirebaseAnalyticsWithoutAdIdSupport */ = {
			isa = XCSwiftPackageProductDependency;
			package = 614F63C42B63DD9C000E6022 /* XCRemoteSwiftPackageReference "firebase-ios-sdk" */;
			productName = FirebaseAnalyticsWithoutAdIdSupport;
		};
		614F63CD2B63DD9C000E6022 /* FirebaseAppCheck */ = {
			isa = XCSwiftPackageProductDependency;
			package = 614F63C42B63DD9C000E6022 /* XCRemoteSwiftPackageReference "firebase-ios-sdk" */;
			productName = FirebaseAppCheck;
		};
		614F63D12B63FAFF000E6022 /* FirebaseAnalytics */ = {
			isa = XCSwiftPackageProductDependency;
			package = 614F63C42B63DD9C000E6022 /* XCRemoteSwiftPackageReference "firebase-ios-sdk" */;
			productName = FirebaseAnalytics;
		};
		614F63D32B63FAFF000E6022 /* FirebaseAnalyticsOnDeviceConversion */ = {
			isa = XCSwiftPackageProductDependency;
			package = 614F63C42B63DD9C000E6022 /* XCRemoteSwiftPackageReference "firebase-ios-sdk" */;
			productName = FirebaseAnalyticsOnDeviceConversion;
		};
		614F63D52B63FAFF000E6022 /* FirebaseAnalyticsSwift */ = {
			isa = XCSwiftPackageProductDependency;
			package = 614F63C42B63DD9C000E6022 /* XCRemoteSwiftPackageReference "firebase-ios-sdk" */;
			productName = FirebaseAnalyticsSwift;
		};
		614F63D72B63FAFF000E6022 /* FirebaseAnalyticsWithoutAdIdSupport */ = {
			isa = XCSwiftPackageProductDependency;
			package = 614F63C42B63DD9C000E6022 /* XCRemoteSwiftPackageReference "firebase-ios-sdk" */;
			productName = FirebaseAnalyticsWithoutAdIdSupport;
		};
		614F63D92B63FAFF000E6022 /* FirebaseAppCheck */ = {
			isa = XCSwiftPackageProductDependency;
			package = 614F63C42B63DD9C000E6022 /* XCRemoteSwiftPackageReference "firebase-ios-sdk" */;
			productName = FirebaseAppCheck;
		};
		614F63DB2B63FAFF000E6022 /* FirebaseAppDistribution-Beta */ = {
			isa = XCSwiftPackageProductDependency;
			package = 614F63C42B63DD9C000E6022 /* XCRemoteSwiftPackageReference "firebase-ios-sdk" */;
			productName = "FirebaseAppDistribution-Beta";
		};
		614F63DD2B63FAFF000E6022 /* FirebaseAuth */ = {
			isa = XCSwiftPackageProductDependency;
			package = 614F63C42B63DD9C000E6022 /* XCRemoteSwiftPackageReference "firebase-ios-sdk" */;
			productName = FirebaseAuth;
		};
		614F63DF2B63FAFF000E6022 /* FirebaseAuthCombine-Community */ = {
			isa = XCSwiftPackageProductDependency;
			package = 614F63C42B63DD9C000E6022 /* XCRemoteSwiftPackageReference "firebase-ios-sdk" */;
			productName = "FirebaseAuthCombine-Community";
		};
		614F63E12B63FAFF000E6022 /* FirebaseCrashlytics */ = {
			isa = XCSwiftPackageProductDependency;
			package = 614F63C42B63DD9C000E6022 /* XCRemoteSwiftPackageReference "firebase-ios-sdk" */;
			productName = FirebaseCrashlytics;
		};
		614F63E32B63FAFF000E6022 /* FirebaseDatabase */ = {
			isa = XCSwiftPackageProductDependency;
			package = 614F63C42B63DD9C000E6022 /* XCRemoteSwiftPackageReference "firebase-ios-sdk" */;
			productName = FirebaseDatabase;
		};
		614F63E52B63FAFF000E6022 /* FirebaseDatabaseSwift */ = {
			isa = XCSwiftPackageProductDependency;
			package = 614F63C42B63DD9C000E6022 /* XCRemoteSwiftPackageReference "firebase-ios-sdk" */;
			productName = FirebaseDatabaseSwift;
		};
		614F63E72B63FAFF000E6022 /* FirebaseDynamicLinks */ = {
			isa = XCSwiftPackageProductDependency;
			package = 614F63C42B63DD9C000E6022 /* XCRemoteSwiftPackageReference "firebase-ios-sdk" */;
			productName = FirebaseDynamicLinks;
		};
		614F63E92B63FAFF000E6022 /* FirebaseFirestore */ = {
			isa = XCSwiftPackageProductDependency;
			package = 614F63C42B63DD9C000E6022 /* XCRemoteSwiftPackageReference "firebase-ios-sdk" */;
			productName = FirebaseFirestore;
		};
		614F63EB2B63FAFF000E6022 /* FirebaseFirestoreCombine-Community */ = {
			isa = XCSwiftPackageProductDependency;
			package = 614F63C42B63DD9C000E6022 /* XCRemoteSwiftPackageReference "firebase-ios-sdk" */;
			productName = "FirebaseFirestoreCombine-Community";
		};
		614F63ED2B63FAFF000E6022 /* FirebaseFirestoreSwift */ = {
			isa = XCSwiftPackageProductDependency;
			package = 614F63C42B63DD9C000E6022 /* XCRemoteSwiftPackageReference "firebase-ios-sdk" */;
			productName = FirebaseFirestoreSwift;
		};
		614F63EF2B63FAFF000E6022 /* FirebaseFunctions */ = {
			isa = XCSwiftPackageProductDependency;
			package = 614F63C42B63DD9C000E6022 /* XCRemoteSwiftPackageReference "firebase-ios-sdk" */;
			productName = FirebaseFunctions;
		};
		614F63F12B63FAFF000E6022 /* FirebaseFunctionsCombine-Community */ = {
			isa = XCSwiftPackageProductDependency;
			package = 614F63C42B63DD9C000E6022 /* XCRemoteSwiftPackageReference "firebase-ios-sdk" */;
			productName = "FirebaseFunctionsCombine-Community";
		};
		614F63F32B63FAFF000E6022 /* FirebaseInAppMessaging-Beta */ = {
			isa = XCSwiftPackageProductDependency;
			package = 614F63C42B63DD9C000E6022 /* XCRemoteSwiftPackageReference "firebase-ios-sdk" */;
			productName = "FirebaseInAppMessaging-Beta";
		};
		614F63F52B63FAFF000E6022 /* FirebaseInAppMessagingSwift-Beta */ = {
			isa = XCSwiftPackageProductDependency;
			package = 614F63C42B63DD9C000E6022 /* XCRemoteSwiftPackageReference "firebase-ios-sdk" */;
			productName = "FirebaseInAppMessagingSwift-Beta";
		};
		614F63F72B63FAFF000E6022 /* FirebaseInstallations */ = {
			isa = XCSwiftPackageProductDependency;
			package = 614F63C42B63DD9C000E6022 /* XCRemoteSwiftPackageReference "firebase-ios-sdk" */;
			productName = FirebaseInstallations;
		};
		614F63F92B63FAFF000E6022 /* FirebaseMLModelDownloader */ = {
			isa = XCSwiftPackageProductDependency;
			package = 614F63C42B63DD9C000E6022 /* XCRemoteSwiftPackageReference "firebase-ios-sdk" */;
			productName = FirebaseMLModelDownloader;
		};
		614F63FB2B63FAFF000E6022 /* FirebaseMessaging */ = {
			isa = XCSwiftPackageProductDependency;
			package = 614F63C42B63DD9C000E6022 /* XCRemoteSwiftPackageReference "firebase-ios-sdk" */;
			productName = FirebaseMessaging;
		};
		614F63FD2B63FAFF000E6022 /* FirebasePerformance */ = {
			isa = XCSwiftPackageProductDependency;
			package = 614F63C42B63DD9C000E6022 /* XCRemoteSwiftPackageReference "firebase-ios-sdk" */;
			productName = FirebasePerformance;
		};
		614F63FF2B63FAFF000E6022 /* FirebaseRemoteConfig */ = {
			isa = XCSwiftPackageProductDependency;
			package = 614F63C42B63DD9C000E6022 /* XCRemoteSwiftPackageReference "firebase-ios-sdk" */;
			productName = FirebaseRemoteConfig;
		};
		614F64012B63FAFF000E6022 /* FirebaseRemoteConfigSwift */ = {
			isa = XCSwiftPackageProductDependency;
			package = 614F63C42B63DD9C000E6022 /* XCRemoteSwiftPackageReference "firebase-ios-sdk" */;
			productName = FirebaseRemoteConfigSwift;
		};
		614F64032B63FAFF000E6022 /* FirebaseStorage */ = {
			isa = XCSwiftPackageProductDependency;
			package = 614F63C42B63DD9C000E6022 /* XCRemoteSwiftPackageReference "firebase-ios-sdk" */;
			productName = FirebaseStorage;
		};
		614F64052B63FAFF000E6022 /* FirebaseStorageCombine-Community */ = {
			isa = XCSwiftPackageProductDependency;
			package = 614F63C42B63DD9C000E6022 /* XCRemoteSwiftPackageReference "firebase-ios-sdk" */;
			productName = "FirebaseStorageCombine-Community";
		};
		619F89E62B6F85E00034E440 /* SlidingTabView */ = {
			isa = XCSwiftPackageProductDependency;
			package = 619F89E52B6F85E00034E440 /* XCRemoteSwiftPackageReference "SlidingTabView" */;
			productName = SlidingTabView;
		};
		61DBDFE22ADF0A3E00AE41FA /* Lottie */ = {
			isa = XCSwiftPackageProductDependency;
			package = 61DBDFE12ADF0A3E00AE41FA /* XCRemoteSwiftPackageReference "lottie-ios" */;
			productName = Lottie;
		};
/* End XCSwiftPackageProductDependency section */
	};
	rootObject = 61DBDFB82ADEF83E00AE41FA /* Project object */;
}
