// !$*UTF8*$!
{
	archiveVersion = 1;
	classes = {
	};
	objectVersion = 56;
	objects = {

/* Begin PBXBuildFile section */
		615243CE2AE06E4900A18880 /* BottomNavBar.swift in Sources */ = {isa = PBXBuildFile; fileRef = 615243CD2AE06E4900A18880 /* BottomNavBar.swift */; };
		615243D02AE128F500A18880 /* UserPortfolio.swift in Sources */ = {isa = PBXBuildFile; fileRef = 615243CF2AE128F500A18880 /* UserPortfolio.swift */; };
		615243D22AE1290400A18880 /* UserMarketplace.swift in Sources */ = {isa = PBXBuildFile; fileRef = 615243D12AE1290400A18880 /* UserMarketplace.swift */; };
		615243D42AE1290B00A18880 /* UserAccount.swift in Sources */ = {isa = PBXBuildFile; fileRef = 615243D32AE1290B00A18880 /* UserAccount.swift */; };
		619F4C0F2AE00F7100D7A861 /* UserHome.swift in Sources */ = {isa = PBXBuildFile; fileRef = 619F4C0E2AE00F7100D7A861 /* UserHome.swift */; };
		61DBDFC42ADEF83F00AE41FA /* PARCApp.swift in Sources */ = {isa = PBXBuildFile; fileRef = 61DBDFC32ADEF83F00AE41FA /* PARCApp.swift */; };
		61DBDFC62ADEF83F00AE41FA /* LandingPage.swift in Sources */ = {isa = PBXBuildFile; fileRef = 61DBDFC52ADEF83F00AE41FA /* LandingPage.swift */; };
		61DBDFC82ADEF84000AE41FA /* Assets.xcassets in Resources */ = {isa = PBXBuildFile; fileRef = 61DBDFC72ADEF84000AE41FA /* Assets.xcassets */; };
		61DBDFCB2ADEF84000AE41FA /* Preview Assets.xcassets in Resources */ = {isa = PBXBuildFile; fileRef = 61DBDFCA2ADEF84000AE41FA /* Preview Assets.xcassets */; };
		61DBDFE02ADF0A0D00AE41FA /* LottieView.swift in Sources */ = {isa = PBXBuildFile; fileRef = 61DBDFDF2ADF0A0D00AE41FA /* LottieView.swift */; };
		61DBDFE32ADF0A3E00AE41FA /* Lottie in Frameworks */ = {isa = PBXBuildFile; productRef = 61DBDFE22ADF0A3E00AE41FA /* Lottie */; };
		61DBDFE52ADFDC8D00AE41FA /* shop.json in Resources */ = {isa = PBXBuildFile; fileRef = 61DBDFE42ADFDC8D00AE41FA /* shop.json */; };
		61DBDFE82ADFDE5800AE41FA /* Nunito-VariableFont_wght.ttf in Resources */ = {isa = PBXBuildFile; fileRef = 61DBDFE72ADFDE5800AE41FA /* Nunito-VariableFont_wght.ttf */; };
		61DBDFEB2ADFE29C00AE41FA /* LaunchScreen.storyboard in Resources */ = {isa = PBXBuildFile; fileRef = 61DBDFEA2ADFE29C00AE41FA /* LaunchScreen.storyboard */; };
		61DBDFF02ADFF78700AE41FA /* LoginView.swift in Sources */ = {isa = PBXBuildFile; fileRef = 61DBDFEF2ADFF78700AE41FA /* LoginView.swift */; };
/* End PBXBuildFile section */

/* Begin PBXFileReference section */
		615243CD2AE06E4900A18880 /* BottomNavBar.swift */ = {isa = PBXFileReference; lastKnownFileType = sourcecode.swift; path = BottomNavBar.swift; sourceTree = "<group>"; };
		615243CF2AE128F500A18880 /* UserPortfolio.swift */ = {isa = PBXFileReference; lastKnownFileType = sourcecode.swift; path = UserPortfolio.swift; sourceTree = "<group>"; };
		615243D12AE1290400A18880 /* UserMarketplace.swift */ = {isa = PBXFileReference; lastKnownFileType = sourcecode.swift; path = UserMarketplace.swift; sourceTree = "<group>"; };
		615243D32AE1290B00A18880 /* UserAccount.swift */ = {isa = PBXFileReference; lastKnownFileType = sourcecode.swift; path = UserAccount.swift; sourceTree = "<group>"; };
		619F4C0E2AE00F7100D7A861 /* UserHome.swift */ = {isa = PBXFileReference; lastKnownFileType = sourcecode.swift; path = UserHome.swift; sourceTree = "<group>"; };
		61DBDFC02ADEF83F00AE41FA /* PARC.app */ = {isa = PBXFileReference; explicitFileType = wrapper.application; includeInIndex = 0; path = PARC.app; sourceTree = BUILT_PRODUCTS_DIR; };
		61DBDFC32ADEF83F00AE41FA /* PARCApp.swift */ = {isa = PBXFileReference; lastKnownFileType = sourcecode.swift; path = PARCApp.swift; sourceTree = "<group>"; };
		61DBDFC52ADEF83F00AE41FA /* LandingPage.swift */ = {isa = PBXFileReference; lastKnownFileType = sourcecode.swift; path = LandingPage.swift; sourceTree = "<group>"; };
		61DBDFC72ADEF84000AE41FA /* Assets.xcassets */ = {isa = PBXFileReference; lastKnownFileType = folder.assetcatalog; path = Assets.xcassets; sourceTree = "<group>"; };
		61DBDFCA2ADEF84000AE41FA /* Preview Assets.xcassets */ = {isa = PBXFileReference; lastKnownFileType = folder.assetcatalog; path = "Preview Assets.xcassets"; sourceTree = "<group>"; };
		61DBDFD82ADEFED400AE41FA /* Info.plist */ = {isa = PBXFileReference; lastKnownFileType = text.plist; path = Info.plist; sourceTree = "<group>"; };
		61DBDFDF2ADF0A0D00AE41FA /* LottieView.swift */ = {isa = PBXFileReference; lastKnownFileType = sourcecode.swift; path = LottieView.swift; sourceTree = "<group>"; };
		61DBDFE42ADFDC8D00AE41FA /* shop.json */ = {isa = PBXFileReference; fileEncoding = 4; lastKnownFileType = text.json; path = shop.json; sourceTree = "<group>"; };
		61DBDFE72ADFDE5800AE41FA /* Nunito-VariableFont_wght.ttf */ = {isa = PBXFileReference; lastKnownFileType = file; path = "Nunito-VariableFont_wght.ttf"; sourceTree = "<group>"; };
		61DBDFEA2ADFE29C00AE41FA /* LaunchScreen.storyboard */ = {isa = PBXFileReference; lastKnownFileType = file.storyboard; path = LaunchScreen.storyboard; sourceTree = "<group>"; };
		61DBDFEF2ADFF78700AE41FA /* LoginView.swift */ = {isa = PBXFileReference; lastKnownFileType = sourcecode.swift; path = LoginView.swift; sourceTree = "<group>"; };
/* End PBXFileReference section */

/* Begin PBXFrameworksBuildPhase section */
		61DBDFBD2ADEF83E00AE41FA /* Frameworks */ = {
			isa = PBXFrameworksBuildPhase;
			buildActionMask = 2147483647;
			files = (
				61DBDFE32ADF0A3E00AE41FA /* Lottie in Frameworks */,
			);
			runOnlyForDeploymentPostprocessing = 0;
		};
/* End PBXFrameworksBuildPhase section */

/* Begin PBXGroup section */
		619F4C0D2AE0062D00D7A861 /* Onboarding */ = {
			isa = PBXGroup;
			children = (
				61DBDFEF2ADFF78700AE41FA /* LoginView.swift */,
				61DBDFC52ADEF83F00AE41FA /* LandingPage.swift */,
			);
			path = Onboarding;
			sourceTree = "<group>";
		};
		61DBDFB72ADEF83E00AE41FA = {
			isa = PBXGroup;
			children = (
				61DBDFC22ADEF83F00AE41FA /* PARC */,
				61DBDFC12ADEF83F00AE41FA /* Products */,
			);
			sourceTree = "<group>";
		};
		61DBDFC12ADEF83F00AE41FA /* Products */ = {
			isa = PBXGroup;
			children = (
				61DBDFC02ADEF83F00AE41FA /* PARC.app */,
			);
			name = Products;
			sourceTree = "<group>";
		};
		61DBDFC22ADEF83F00AE41FA /* PARC */ = {
			isa = PBXGroup;
			children = (
				61DBDFDB2ADF098900AE41FA /* ViewModel */,
				61DBDFDA2ADF098400AE41FA /* Model */,
				61DBDFD92ADF097E00AE41FA /* View */,
				61DBDFD82ADEFED400AE41FA /* Info.plist */,
				61DBDFC32ADEF83F00AE41FA /* PARCApp.swift */,
				61DBDFC72ADEF84000AE41FA /* Assets.xcassets */,
				61DBDFC92ADEF84000AE41FA /* Preview Content */,
			);
			path = PARC;
			sourceTree = "<group>";
		};
		61DBDFC92ADEF84000AE41FA /* Preview Content */ = {
			isa = PBXGroup;
			children = (
				61DBDFCA2ADEF84000AE41FA /* Preview Assets.xcassets */,
			);
			path = "Preview Content";
			sourceTree = "<group>";
		};
		61DBDFD92ADF097E00AE41FA /* View */ = {
			isa = PBXGroup;
			children = (
				619F4C0D2AE0062D00D7A861 /* Onboarding */,
				61DBDFEE2ADFF6B400AE41FA /* User */,
				61DBDFED2ADFF6AE00AE41FA /* Admin */,
				61DBDFE92ADFE28A00AE41FA /* Launch Screen */,
				61DBDFE62ADFDE4A00AE41FA /* Fonts */,
				61DBDFDC2ADF09A400AE41FA /* Lottie Files */,
				615243CD2AE06E4900A18880 /* BottomNavBar.swift */,
			);
			path = View;
			sourceTree = "<group>";
		};
		61DBDFDA2ADF098400AE41FA /* Model */ = {
			isa = PBXGroup;
			children = (
			);
			path = Model;
			sourceTree = "<group>";
		};
		61DBDFDB2ADF098900AE41FA /* ViewModel */ = {
			isa = PBXGroup;
			children = (
			);
			path = ViewModel;
			sourceTree = "<group>";
		};
		61DBDFDC2ADF09A400AE41FA /* Lottie Files */ = {
			isa = PBXGroup;
			children = (
				61DBDFE42ADFDC8D00AE41FA /* shop.json */,
				61DBDFDF2ADF0A0D00AE41FA /* LottieView.swift */,
			);
			path = "Lottie Files";
			sourceTree = "<group>";
		};
		61DBDFE62ADFDE4A00AE41FA /* Fonts */ = {
			isa = PBXGroup;
			children = (
				61DBDFE72ADFDE5800AE41FA /* Nunito-VariableFont_wght.ttf */,
			);
			path = Fonts;
			sourceTree = "<group>";
		};
		61DBDFE92ADFE28A00AE41FA /* Launch Screen */ = {
			isa = PBXGroup;
			children = (
				61DBDFEA2ADFE29C00AE41FA /* LaunchScreen.storyboard */,
			);
			path = "Launch Screen";
			sourceTree = "<group>";
		};
		61DBDFED2ADFF6AE00AE41FA /* Admin */ = {
			isa = PBXGroup;
			children = (
			);
			path = Admin;
			sourceTree = "<group>";
		};
		61DBDFEE2ADFF6B400AE41FA /* User */ = {
			isa = PBXGroup;
			children = (
				619F4C0E2AE00F7100D7A861 /* UserHome.swift */,
				615243CF2AE128F500A18880 /* UserPortfolio.swift */,
				615243D12AE1290400A18880 /* UserMarketplace.swift */,
				615243D32AE1290B00A18880 /* UserAccount.swift */,
			);
			path = User;
			sourceTree = "<group>";
		};
/* End PBXGroup section */

/* Begin PBXNativeTarget section */
		61DBDFBF2ADEF83E00AE41FA /* PARC */ = {
			isa = PBXNativeTarget;
			buildConfigurationList = 61DBDFCE2ADEF84000AE41FA /* Build configuration list for PBXNativeTarget "PARC" */;
			buildPhases = (
				61DBDFBC2ADEF83E00AE41FA /* Sources */,
				61DBDFBD2ADEF83E00AE41FA /* Frameworks */,
				61DBDFBE2ADEF83E00AE41FA /* Resources */,
			);
			buildRules = (
			);
			dependencies = (
			);
			name = PARC;
			packageProductDependencies = (
				61DBDFE22ADF0A3E00AE41FA /* Lottie */,
			);
			productName = PARC;
			productReference = 61DBDFC02ADEF83F00AE41FA /* PARC.app */;
			productType = "com.apple.product-type.application";
		};
/* End PBXNativeTarget section */

/* Begin PBXProject section */
		61DBDFB82ADEF83E00AE41FA /* Project object */ = {
			isa = PBXProject;
			attributes = {
				BuildIndependentTargetsInParallel = 1;
				LastSwiftUpdateCheck = 1430;
				LastUpgradeCheck = 1430;
				TargetAttributes = {
					61DBDFBF2ADEF83E00AE41FA = {
						CreatedOnToolsVersion = 14.3;
					};
				};
			};
			buildConfigurationList = 61DBDFBB2ADEF83E00AE41FA /* Build configuration list for PBXProject "PARC" */;
			compatibilityVersion = "Xcode 14.0";
			developmentRegion = en;
			hasScannedForEncodings = 0;
			knownRegions = (
				en,
				Base,
			);
			mainGroup = 61DBDFB72ADEF83E00AE41FA;
			packageReferences = (
				61DBDFE12ADF0A3E00AE41FA /* XCRemoteSwiftPackageReference "lottie-ios" */,
			);
			productRefGroup = 61DBDFC12ADEF83F00AE41FA /* Products */;
			projectDirPath = "";
			projectRoot = "";
			targets = (
				61DBDFBF2ADEF83E00AE41FA /* PARC */,
			);
		};
/* End PBXProject section */

/* Begin PBXResourcesBuildPhase section */
		61DBDFBE2ADEF83E00AE41FA /* Resources */ = {
			isa = PBXResourcesBuildPhase;
			buildActionMask = 2147483647;
			files = (
				61DBDFE82ADFDE5800AE41FA /* Nunito-VariableFont_wght.ttf in Resources */,
				61DBDFCB2ADEF84000AE41FA /* Preview Assets.xcassets in Resources */,
				61DBDFE52ADFDC8D00AE41FA /* shop.json in Resources */,
				61DBDFEB2ADFE29C00AE41FA /* LaunchScreen.storyboard in Resources */,
				61DBDFC82ADEF84000AE41FA /* Assets.xcassets in Resources */,
			);
			runOnlyForDeploymentPostprocessing = 0;
		};
/* End PBXResourcesBuildPhase section */

/* Begin PBXSourcesBuildPhase section */
		61DBDFBC2ADEF83E00AE41FA /* Sources */ = {
			isa = PBXSourcesBuildPhase;
			buildActionMask = 2147483647;
			files = (
				615243D22AE1290400A18880 /* UserMarketplace.swift in Sources */,
				619F4C0F2AE00F7100D7A861 /* UserHome.swift in Sources */,
				615243D42AE1290B00A18880 /* UserAccount.swift in Sources */,
				61DBDFC62ADEF83F00AE41FA /* LandingPage.swift in Sources */,
				615243CE2AE06E4900A18880 /* BottomNavBar.swift in Sources */,
				615243D02AE128F500A18880 /* UserPortfolio.swift in Sources */,
				61DBDFC42ADEF83F00AE41FA /* PARCApp.swift in Sources */,
				61DBDFF02ADFF78700AE41FA /* LoginView.swift in Sources */,
				61DBDFE02ADF0A0D00AE41FA /* LottieView.swift in Sources */,
			);
			runOnlyForDeploymentPostprocessing = 0;
		};
/* End PBXSourcesBuildPhase section */

/* Begin XCBuildConfiguration section */
		61DBDFCC2ADEF84000AE41FA /* Debug */ = {
			isa = XCBuildConfiguration;
			buildSettings = {
				ALWAYS_SEARCH_USER_PATHS = NO;
				CLANG_ANALYZER_NONNULL = YES;
				CLANG_ANALYZER_NUMBER_OBJECT_CONVERSION = YES_AGGRESSIVE;
				CLANG_CXX_LANGUAGE_STANDARD = "gnu++20";
				CLANG_ENABLE_MODULES = YES;
				CLANG_ENABLE_OBJC_ARC = YES;
				CLANG_ENABLE_OBJC_WEAK = YES;
				CLANG_WARN_BLOCK_CAPTURE_AUTORELEASING = YES;
				CLANG_WARN_BOOL_CONVERSION = YES;
				CLANG_WARN_COMMA = YES;
				CLANG_WARN_CONSTANT_CONVERSION = YES;
				CLANG_WARN_DEPRECATED_OBJC_IMPLEMENTATIONS = YES;
				CLANG_WARN_DIRECT_OBJC_ISA_USAGE = YES_ERROR;
				CLANG_WARN_DOCUMENTATION_COMMENTS = YES;
				CLANG_WARN_EMPTY_BODY = YES;
				CLANG_WARN_ENUM_CONVERSION = YES;
				CLANG_WARN_INFINITE_RECURSION = YES;
				CLANG_WARN_INT_CONVERSION = YES;
				CLANG_WARN_NON_LITERAL_NULL_CONVERSION = YES;
				CLANG_WARN_OBJC_IMPLICIT_RETAIN_SELF = YES;
				CLANG_WARN_OBJC_LITERAL_CONVERSION = YES;
				CLANG_WARN_OBJC_ROOT_CLASS = YES_ERROR;
				CLANG_WARN_QUOTED_INCLUDE_IN_FRAMEWORK_HEADER = YES;
				CLANG_WARN_RANGE_LOOP_ANALYSIS = YES;
				CLANG_WARN_STRICT_PROTOTYPES = YES;
				CLANG_WARN_SUSPICIOUS_MOVE = YES;
				CLANG_WARN_UNGUARDED_AVAILABILITY = YES_AGGRESSIVE;
				CLANG_WARN_UNREACHABLE_CODE = YES;
				CLANG_WARN__DUPLICATE_METHOD_MATCH = YES;
				COPY_PHASE_STRIP = NO;
				DEBUG_INFORMATION_FORMAT = dwarf;
				ENABLE_STRICT_OBJC_MSGSEND = YES;
				ENABLE_TESTABILITY = YES;
				GCC_C_LANGUAGE_STANDARD = gnu11;
				GCC_DYNAMIC_NO_PIC = NO;
				GCC_NO_COMMON_BLOCKS = YES;
				GCC_OPTIMIZATION_LEVEL = 0;
				GCC_PREPROCESSOR_DEFINITIONS = (
					"DEBUG=1",
					"$(inherited)",
				);
				GCC_WARN_64_TO_32_BIT_CONVERSION = YES;
				GCC_WARN_ABOUT_RETURN_TYPE = YES_ERROR;
				GCC_WARN_UNDECLARED_SELECTOR = YES;
				GCC_WARN_UNINITIALIZED_AUTOS = YES_AGGRESSIVE;
				GCC_WARN_UNUSED_FUNCTION = YES;
				GCC_WARN_UNUSED_VARIABLE = YES;
				IPHONEOS_DEPLOYMENT_TARGET = 17.0;
				MTL_ENABLE_DEBUG_INFO = INCLUDE_SOURCE;
				MTL_FAST_MATH = YES;
				ONLY_ACTIVE_ARCH = YES;
				SDKROOT = iphoneos;
				SWIFT_ACTIVE_COMPILATION_CONDITIONS = DEBUG;
				SWIFT_OPTIMIZATION_LEVEL = "-Onone";
			};
			name = Debug;
		};
		61DBDFCD2ADEF84000AE41FA /* Release */ = {
			isa = XCBuildConfiguration;
			buildSettings = {
				ALWAYS_SEARCH_USER_PATHS = NO;
				CLANG_ANALYZER_NONNULL = YES;
				CLANG_ANALYZER_NUMBER_OBJECT_CONVERSION = YES_AGGRESSIVE;
				CLANG_CXX_LANGUAGE_STANDARD = "gnu++20";
				CLANG_ENABLE_MODULES = YES;
				CLANG_ENABLE_OBJC_ARC = YES;
				CLANG_ENABLE_OBJC_WEAK = YES;
				CLANG_WARN_BLOCK_CAPTURE_AUTORELEASING = YES;
				CLANG_WARN_BOOL_CONVERSION = YES;
				CLANG_WARN_COMMA = YES;
				CLANG_WARN_CONSTANT_CONVERSION = YES;
				CLANG_WARN_DEPRECATED_OBJC_IMPLEMENTATIONS = YES;
				CLANG_WARN_DIRECT_OBJC_ISA_USAGE = YES_ERROR;
				CLANG_WARN_DOCUMENTATION_COMMENTS = YES;
				CLANG_WARN_EMPTY_BODY = YES;
				CLANG_WARN_ENUM_CONVERSION = YES;
				CLANG_WARN_INFINITE_RECURSION = YES;
				CLANG_WARN_INT_CONVERSION = YES;
				CLANG_WARN_NON_LITERAL_NULL_CONVERSION = YES;
				CLANG_WARN_OBJC_IMPLICIT_RETAIN_SELF = YES;
				CLANG_WARN_OBJC_LITERAL_CONVERSION = YES;
				CLANG_WARN_OBJC_ROOT_CLASS = YES_ERROR;
				CLANG_WARN_QUOTED_INCLUDE_IN_FRAMEWORK_HEADER = YES;
				CLANG_WARN_RANGE_LOOP_ANALYSIS = YES;
				CLANG_WARN_STRICT_PROTOTYPES = YES;
				CLANG_WARN_SUSPICIOUS_MOVE = YES;
				CLANG_WARN_UNGUARDED_AVAILABILITY = YES_AGGRESSIVE;
				CLANG_WARN_UNREACHABLE_CODE = YES;
				CLANG_WARN__DUPLICATE_METHOD_MATCH = YES;
				COPY_PHASE_STRIP = NO;
				DEBUG_INFORMATION_FORMAT = "dwarf-with-dsym";
				ENABLE_NS_ASSERTIONS = NO;
				ENABLE_STRICT_OBJC_MSGSEND = YES;
				GCC_C_LANGUAGE_STANDARD = gnu11;
				GCC_NO_COMMON_BLOCKS = YES;
				GCC_WARN_64_TO_32_BIT_CONVERSION = YES;
				GCC_WARN_ABOUT_RETURN_TYPE = YES_ERROR;
				GCC_WARN_UNDECLARED_SELECTOR = YES;
				GCC_WARN_UNINITIALIZED_AUTOS = YES_AGGRESSIVE;
				GCC_WARN_UNUSED_FUNCTION = YES;
				GCC_WARN_UNUSED_VARIABLE = YES;
				IPHONEOS_DEPLOYMENT_TARGET = 17.0;
				MTL_ENABLE_DEBUG_INFO = NO;
				MTL_FAST_MATH = YES;
				SDKROOT = iphoneos;
				SWIFT_COMPILATION_MODE = wholemodule;
				SWIFT_OPTIMIZATION_LEVEL = "-O";
				VALIDATE_PRODUCT = YES;
			};
			name = Release;
		};
		61DBDFCF2ADEF84000AE41FA /* Debug */ = {
			isa = XCBuildConfiguration;
			buildSettings = {
				ASSETCATALOG_COMPILER_APPICON_NAME = AppIcon;
				ASSETCATALOG_COMPILER_GLOBAL_ACCENT_COLOR_NAME = AccentColor;
				CODE_SIGN_STYLE = Automatic;
				CURRENT_PROJECT_VERSION = 1;
				DEVELOPMENT_ASSET_PATHS = "\"PARC/Preview Content\"";
				DEVELOPMENT_TEAM = 29VBPZUJ23;
				ENABLE_PREVIEWS = YES;
				GENERATE_INFOPLIST_FILE = YES;
				INFOPLIST_FILE = PARC/Info.plist;
				INFOPLIST_KEY_CFBundleDisplayName = PARC;
				INFOPLIST_KEY_LSApplicationCategoryType = "public.app-category.finance";
				INFOPLIST_KEY_UIApplicationSceneManifest_Generation = YES;
				INFOPLIST_KEY_UIApplicationSupportsIndirectInputEvents = YES;
				INFOPLIST_KEY_UILaunchScreen_Generation = YES;
				INFOPLIST_KEY_UILaunchStoryboardName = LaunchScreen.storyboard;
				INFOPLIST_KEY_UIStatusBarStyle = UIStatusBarStyleLightContent;
				INFOPLIST_KEY_UISupportedInterfaceOrientations = UIInterfaceOrientationPortrait;
				INFOPLIST_KEY_UISupportedInterfaceOrientations_iPad = "UIInterfaceOrientationLandscapeLeft UIInterfaceOrientationLandscapeRight UIInterfaceOrientationPortrait UIInterfaceOrientationPortraitUpsideDown";
				IPHONEOS_DEPLOYMENT_TARGET = 17.0;
				LD_RUNPATH_SEARCH_PATHS = (
					"$(inherited)",
					"@executable_path/Frameworks",
				);
				MARKETING_VERSION = 1.0;
				PRODUCT_BUNDLE_IDENTIFIER = com.axie.noti.PARC;
				PRODUCT_NAME = "$(TARGET_NAME)";
				SWIFT_EMIT_LOC_STRINGS = YES;
				SWIFT_VERSION = 5.0;
				TARGETED_DEVICE_FAMILY = "1,2";
			};
			name = Debug;
		};
		61DBDFD02ADEF84000AE41FA /* Release */ = {
			isa = XCBuildConfiguration;
			buildSettings = {
				ASSETCATALOG_COMPILER_APPICON_NAME = AppIcon;
				ASSETCATALOG_COMPILER_GLOBAL_ACCENT_COLOR_NAME = AccentColor;
				CODE_SIGN_STYLE = Automatic;
				CURRENT_PROJECT_VERSION = 1;
				DEVELOPMENT_ASSET_PATHS = "\"PARC/Preview Content\"";
				DEVELOPMENT_TEAM = 29VBPZUJ23;
				ENABLE_PREVIEWS = YES;
				GENERATE_INFOPLIST_FILE = YES;
				INFOPLIST_FILE = PARC/Info.plist;
				INFOPLIST_KEY_CFBundleDisplayName = PARC;
				INFOPLIST_KEY_LSApplicationCategoryType = "public.app-category.finance";
				INFOPLIST_KEY_UIApplicationSceneManifest_Generation = YES;
				INFOPLIST_KEY_UIApplicationSupportsIndirectInputEvents = YES;
				INFOPLIST_KEY_UILaunchScreen_Generation = YES;
				INFOPLIST_KEY_UILaunchStoryboardName = LaunchScreen.storyboard;
				INFOPLIST_KEY_UIStatusBarStyle = UIStatusBarStyleLightContent;
				INFOPLIST_KEY_UISupportedInterfaceOrientations = UIInterfaceOrientationPortrait;
				INFOPLIST_KEY_UISupportedInterfaceOrientations_iPad = "UIInterfaceOrientationLandscapeLeft UIInterfaceOrientationLandscapeRight UIInterfaceOrientationPortrait UIInterfaceOrientationPortraitUpsideDown";
				IPHONEOS_DEPLOYMENT_TARGET = 17.0;
				LD_RUNPATH_SEARCH_PATHS = (
					"$(inherited)",
					"@executable_path/Frameworks",
				);
				MARKETING_VERSION = 1.0;
				PRODUCT_BUNDLE_IDENTIFIER = com.axie.noti.PARC;
				PRODUCT_NAME = "$(TARGET_NAME)";
				SWIFT_EMIT_LOC_STRINGS = YES;
				SWIFT_VERSION = 5.0;
				TARGETED_DEVICE_FAMILY = "1,2";
			};
			name = Release;
		};
/* End XCBuildConfiguration section */

/* Begin XCConfigurationList section */
		61DBDFBB2ADEF83E00AE41FA /* Build configuration list for PBXProject "PARC" */ = {
			isa = XCConfigurationList;
			buildConfigurations = (
				61DBDFCC2ADEF84000AE41FA /* Debug */,
				61DBDFCD2ADEF84000AE41FA /* Release */,
			);
			defaultConfigurationIsVisible = 0;
			defaultConfigurationName = Release;
		};
		61DBDFCE2ADEF84000AE41FA /* Build configuration list for PBXNativeTarget "PARC" */ = {
			isa = XCConfigurationList;
			buildConfigurations = (
				61DBDFCF2ADEF84000AE41FA /* Debug */,
				61DBDFD02ADEF84000AE41FA /* Release */,
			);
			defaultConfigurationIsVisible = 0;
			defaultConfigurationName = Release;
		};
/* End XCConfigurationList section */

/* Begin XCRemoteSwiftPackageReference section */
		61DBDFE12ADF0A3E00AE41FA /* XCRemoteSwiftPackageReference "lottie-ios" */ = {
			isa = XCRemoteSwiftPackageReference;
			repositoryURL = "https://github.com/airbnb/lottie-ios.git";
			requirement = {
				kind = upToNextMajorVersion;
				minimumVersion = 4.0.0;
			};
		};
/* End XCRemoteSwiftPackageReference section */

/* Begin XCSwiftPackageProductDependency section */
		61DBDFE22ADF0A3E00AE41FA /* Lottie */ = {
			isa = XCSwiftPackageProductDependency;
			package = 61DBDFE12ADF0A3E00AE41FA /* XCRemoteSwiftPackageReference "lottie-ios" */;
			productName = Lottie;
		};
/* End XCSwiftPackageProductDependency section */
	};
	rootObject = 61DBDFB82ADEF83E00AE41FA /* Project object */;
}
